{
  "version": 4,
  "terraform_version": "1.10.2",
  "serial": 40,
  "lineage": "fe463c70-c730-0391-4aba-4975d4f44aa1",
  "outputs": {},
  "resources": [
    {
      "mode": "data",
      "type": "aws_iam_policy_document",
      "name": "example",
      "provider": "provider[\"registry.terraform.io/hashicorp/aws\"]",
      "instances": [
        {
          "schema_version": 0,
          "attributes": {
            "id": "1785167273",
            "json": "{\n  \"Version\": \"2012-10-17\",\n  \"Statement\": [\n    {\n      \"Sid\": \"new policy\",\n      \"Effect\": \"Allow\",\n      \"Action\": [\n        \"ecr:UploadLayerPart\",\n        \"ecr:SetRepositoryPolicy\",\n        \"ecr:PutImage\",\n        \"ecr:ListImages\",\n        \"ecr:InitiateLayerUpload\",\n        \"ecr:GetRepositoryPolicy\",\n        \"ecr:GetDownloadUrlForLayer\",\n        \"ecr:DescribeRepositories\",\n        \"ecr:DeleteRepositoryPolicy\",\n        \"ecr:DeleteRepository\",\n        \"ecr:CompleteLayerUpload\",\n        \"ecr:BatchGetImage\",\n        \"ecr:BatchDeleteImage\",\n        \"ecr:BatchCheckLayerAvailability\"\n      ],\n      \"Principal\": {\n        \"AWS\": \"arn:aws:sts::248189943700:assumed-role/AWSReservedSSO_EKS-alumnos_a4561514b13725b0/jorge.vidal@campusdual.com\"\n      }\n    }\n  ]\n}",
            "minified_json": "{\"Version\":\"2012-10-17\",\"Statement\":[{\"Sid\":\"new policy\",\"Effect\":\"Allow\",\"Action\":[\"ecr:UploadLayerPart\",\"ecr:SetRepositoryPolicy\",\"ecr:PutImage\",\"ecr:ListImages\",\"ecr:InitiateLayerUpload\",\"ecr:GetRepositoryPolicy\",\"ecr:GetDownloadUrlForLayer\",\"ecr:DescribeRepositories\",\"ecr:DeleteRepositoryPolicy\",\"ecr:DeleteRepository\",\"ecr:CompleteLayerUpload\",\"ecr:BatchGetImage\",\"ecr:BatchDeleteImage\",\"ecr:BatchCheckLayerAvailability\"],\"Principal\":{\"AWS\":\"arn:aws:sts::248189943700:assumed-role/AWSReservedSSO_EKS-alumnos_a4561514b13725b0/jorge.vidal@campusdual.com\"}}]}",
            "override_json": null,
            "override_policy_documents": null,
            "policy_id": null,
            "source_json": null,
            "source_policy_documents": null,
            "statement": [
              {
                "actions": [
                  "ecr:BatchCheckLayerAvailability",
                  "ecr:BatchDeleteImage",
                  "ecr:BatchGetImage",
                  "ecr:CompleteLayerUpload",
                  "ecr:DeleteRepository",
                  "ecr:DeleteRepositoryPolicy",
                  "ecr:DescribeRepositories",
                  "ecr:GetDownloadUrlForLayer",
                  "ecr:GetRepositoryPolicy",
                  "ecr:InitiateLayerUpload",
                  "ecr:ListImages",
                  "ecr:PutImage",
                  "ecr:SetRepositoryPolicy",
                  "ecr:UploadLayerPart"
                ],
                "condition": [],
                "effect": "Allow",
                "not_actions": [],
                "not_principals": [],
                "not_resources": [],
                "principals": [
                  {
                    "identifiers": [
                      "arn:aws:sts::248189943700:assumed-role/AWSReservedSSO_EKS-alumnos_a4561514b13725b0/jorge.vidal@campusdual.com"
                    ],
                    "type": "AWS"
                  }
                ],
                "resources": [],
                "sid": "new policy"
              }
            ],
            "version": "2012-10-17"
          },
          "sensitive_attributes": []
        }
      ]
    },
    {
      "module": "module.ecr",
      "mode": "data",
      "type": "aws_iam_policy_document",
      "name": "example",
      "provider": "provider[\"registry.terraform.io/hashicorp/aws\"]",
      "instances": [
        {
          "schema_version": 0,
          "attributes": {
            "id": "1785167273",
            "json": "{\n  \"Version\": \"2012-10-17\",\n  \"Statement\": [\n    {\n      \"Sid\": \"new policy\",\n      \"Effect\": \"Allow\",\n      \"Action\": [\n        \"ecr:UploadLayerPart\",\n        \"ecr:SetRepositoryPolicy\",\n        \"ecr:PutImage\",\n        \"ecr:ListImages\",\n        \"ecr:InitiateLayerUpload\",\n        \"ecr:GetRepositoryPolicy\",\n        \"ecr:GetDownloadUrlForLayer\",\n        \"ecr:DescribeRepositories\",\n        \"ecr:DeleteRepositoryPolicy\",\n        \"ecr:DeleteRepository\",\n        \"ecr:CompleteLayerUpload\",\n        \"ecr:BatchGetImage\",\n        \"ecr:BatchDeleteImage\",\n        \"ecr:BatchCheckLayerAvailability\"\n      ],\n      \"Principal\": {\n        \"AWS\": \"arn:aws:sts::248189943700:assumed-role/AWSReservedSSO_EKS-alumnos_a4561514b13725b0/jorge.vidal@campusdual.com\"\n      }\n    }\n  ]\n}",
            "minified_json": "{\"Version\":\"2012-10-17\",\"Statement\":[{\"Sid\":\"new policy\",\"Effect\":\"Allow\",\"Action\":[\"ecr:UploadLayerPart\",\"ecr:SetRepositoryPolicy\",\"ecr:PutImage\",\"ecr:ListImages\",\"ecr:InitiateLayerUpload\",\"ecr:GetRepositoryPolicy\",\"ecr:GetDownloadUrlForLayer\",\"ecr:DescribeRepositories\",\"ecr:DeleteRepositoryPolicy\",\"ecr:DeleteRepository\",\"ecr:CompleteLayerUpload\",\"ecr:BatchGetImage\",\"ecr:BatchDeleteImage\",\"ecr:BatchCheckLayerAvailability\"],\"Principal\":{\"AWS\":\"arn:aws:sts::248189943700:assumed-role/AWSReservedSSO_EKS-alumnos_a4561514b13725b0/jorge.vidal@campusdual.com\"}}]}",
            "override_json": null,
            "override_policy_documents": null,
            "policy_id": null,
            "source_json": null,
            "source_policy_documents": null,
            "statement": [
              {
                "actions": [
                  "ecr:BatchCheckLayerAvailability",
                  "ecr:BatchDeleteImage",
                  "ecr:BatchGetImage",
                  "ecr:CompleteLayerUpload",
                  "ecr:DeleteRepository",
                  "ecr:DeleteRepositoryPolicy",
                  "ecr:DescribeRepositories",
                  "ecr:GetDownloadUrlForLayer",
                  "ecr:GetRepositoryPolicy",
                  "ecr:InitiateLayerUpload",
                  "ecr:ListImages",
                  "ecr:PutImage",
                  "ecr:SetRepositoryPolicy",
                  "ecr:UploadLayerPart"
                ],
                "condition": [],
                "effect": "Allow",
                "not_actions": [],
                "not_principals": [],
                "not_resources": [],
                "principals": [
                  {
                    "identifiers": [
                      "arn:aws:sts::248189943700:assumed-role/AWSReservedSSO_EKS-alumnos_a4561514b13725b0/jorge.vidal@campusdual.com"
                    ],
                    "type": "AWS"
                  }
                ],
                "resources": [],
                "sid": "new policy"
              }
            ],
            "version": "2012-10-17"
          },
          "sensitive_attributes": []
        }
      ]
    },
    {
      "module": "module.ecr",
      "mode": "managed",
      "type": "aws_ecr_lifecycle_policy",
      "name": "lifecycle_policy",
      "provider": "provider[\"registry.terraform.io/hashicorp/aws\"]",
      "instances": [
        {
          "schema_version": 0,
          "attributes": {
            "id": "my-ecr-repo-jvs",
            "policy": "{\"rules\":[{\"action\":{\"type\":\"expire\"},\"description\":\"Eliminar imágenes no etiquetadas después de 30 días\",\"rulePriority\":1,\"selection\":{\"countNumber\":30,\"countType\":\"sinceImagePushed\",\"countUnit\":\"days\",\"tagStatus\":\"untagged\"}}]}",
            "registry_id": "248189943700",
            "repository": "my-ecr-repo-jvs"
          },
          "sensitive_attributes": [],
          "private": "bnVsbA==",
          "dependencies": [
            "module.ecr.aws_ecr_repository.my_ecr_repo"
          ]
        }
      ]
    },
    {
      "module": "module.ecr",
      "mode": "managed",
      "type": "aws_ecr_repository",
      "name": "my_ecr_repo",
      "provider": "provider[\"registry.terraform.io/hashicorp/aws\"]",
      "instances": [
        {
          "schema_version": 0,
          "attributes": {
            "arn": "arn:aws:ecr:eu-west-3:248189943700:repository/my-ecr-repo-jvs",
            "encryption_configuration": [
              {
                "encryption_type": "AES256",
                "kms_key": ""
              }
            ],
            "force_delete": null,
            "id": "my-ecr-repo-jvs",
            "image_scanning_configuration": [
              {
                "scan_on_push": true
              }
            ],
            "image_tag_mutability": "MUTABLE",
            "name": "my-ecr-repo-jvs",
            "registry_id": "248189943700",
            "repository_url": "248189943700.dkr.ecr.eu-west-3.amazonaws.com/my-ecr-repo-jvs",
            "tags": {},
            "tags_all": {},
            "timeouts": null
          },
          "sensitive_attributes": [],
          "private": "eyJlMmJmYjczMC1lY2FhLTExZTYtOGY4OC0zNDM2M2JjN2M0YzAiOnsiZGVsZXRlIjoxMjAwMDAwMDAwMDAwfX0="
        }
      ]
    },
    {
      "module": "module.ecr",
      "mode": "managed",
      "type": "aws_ecr_repository_policy",
      "name": "example",
      "provider": "provider[\"registry.terraform.io/hashicorp/aws\"]",
      "instances": [
        {
          "schema_version": 0,
          "attributes": {
            "id": "my-ecr-repo-jvs",
            "policy": "{\"Statement\":[{\"Action\":[\"ecr:UploadLayerPart\",\"ecr:SetRepositoryPolicy\",\"ecr:PutImage\",\"ecr:ListImages\",\"ecr:InitiateLayerUpload\",\"ecr:GetRepositoryPolicy\",\"ecr:GetDownloadUrlForLayer\",\"ecr:DescribeRepositories\",\"ecr:DeleteRepositoryPolicy\",\"ecr:DeleteRepository\",\"ecr:CompleteLayerUpload\",\"ecr:BatchGetImage\",\"ecr:BatchDeleteImage\",\"ecr:BatchCheckLayerAvailability\"],\"Effect\":\"Allow\",\"Principal\":{\"AWS\":\"arn:aws:sts::248189943700:assumed-role/AWSReservedSSO_EKS-alumnos_a4561514b13725b0/jorge.vidal@campusdual.com\"},\"Sid\":\"new policy\"}],\"Version\":\"2012-10-17\"}",
            "registry_id": "248189943700",
            "repository": "my-ecr-repo-jvs"
          },
          "sensitive_attributes": [],
          "private": "bnVsbA==",
          "dependencies": [
            "data.aws_iam_policy_document.example",
            "module.ecr.aws_ecr_repository.my_ecr_repo"
          ]
        }
      ]
    },
    {
      "module": "module.ecr",
      "mode": "managed",
      "type": "null_resource",
      "name": "upload_image",
      "provider": "provider[\"registry.terraform.io/hashicorp/null\"]",
      "instances": [
        {
          "schema_version": 0,
          "attributes": {
            "id": "4843572499009168717",
            "triggers": null
          },
          "sensitive_attributes": []
        }
      ]
    },
    {
      "module": "module.eks_managed_node_groups.module.eks",
      "mode": "data",
      "type": "aws_caller_identity",
      "name": "current",
      "provider": "provider[\"registry.terraform.io/hashicorp/aws\"]",
      "instances": [
        {
          "schema_version": 0,
          "attributes": {
            "account_id": "248189943700",
            "arn": "arn:aws:sts::248189943700:assumed-role/AWSReservedSSO_EKS-alumnos_a4561514b13725b0/jorge.vidal@campusdual.com",
            "id": "248189943700",
            "user_id": "AROATTSKF76KH2IZ3VL6L:jorge.vidal@campusdual.com"
          },
          "sensitive_attributes": []
        }
      ]
    },
    {
      "module": "module.eks_managed_node_groups.module.eks",
      "mode": "data",
      "type": "aws_iam_policy_document",
      "name": "assume_role_policy",
      "provider": "provider[\"registry.terraform.io/hashicorp/aws\"]",
      "instances": [
        {
          "index_key": 0,
          "schema_version": 0,
          "attributes": {
            "id": "2764486067",
            "json": "{\n  \"Version\": \"2012-10-17\",\n  \"Statement\": [\n    {\n      \"Sid\": \"EKSClusterAssumeRole\",\n      \"Effect\": \"Allow\",\n      \"Action\": \"sts:AssumeRole\",\n      \"Principal\": {\n        \"Service\": \"eks.amazonaws.com\"\n      }\n    }\n  ]\n}",
            "minified_json": "{\"Version\":\"2012-10-17\",\"Statement\":[{\"Sid\":\"EKSClusterAssumeRole\",\"Effect\":\"Allow\",\"Action\":\"sts:AssumeRole\",\"Principal\":{\"Service\":\"eks.amazonaws.com\"}}]}",
            "override_json": null,
            "override_policy_documents": null,
            "policy_id": null,
            "source_json": null,
            "source_policy_documents": null,
            "statement": [
              {
                "actions": [
                  "sts:AssumeRole"
                ],
                "condition": [],
                "effect": "Allow",
                "not_actions": [],
                "not_principals": [],
                "not_resources": [],
                "principals": [
                  {
                    "identifiers": [
                      "eks.amazonaws.com"
                    ],
                    "type": "Service"
                  }
                ],
                "resources": [],
                "sid": "EKSClusterAssumeRole"
              }
            ],
            "version": "2012-10-17"
          },
          "sensitive_attributes": []
        }
      ]
    },
    {
      "module": "module.eks_managed_node_groups.module.eks",
      "mode": "data",
      "type": "aws_iam_session_context",
      "name": "current",
      "provider": "provider[\"registry.terraform.io/hashicorp/aws\"]",
      "instances": [
        {
          "schema_version": 0,
          "attributes": {
            "arn": "arn:aws:sts::248189943700:assumed-role/AWSReservedSSO_EKS-alumnos_a4561514b13725b0/jorge.vidal@campusdual.com",
            "id": "arn:aws:sts::248189943700:assumed-role/AWSReservedSSO_EKS-alumnos_a4561514b13725b0/jorge.vidal@campusdual.com",
            "issuer_arn": "arn:aws:iam::248189943700:role/aws-reserved/sso.amazonaws.com/eu-west-3/AWSReservedSSO_EKS-alumnos_a4561514b13725b0",
            "issuer_id": "AROATTSKF76KH2IZ3VL6L",
            "issuer_name": "AWSReservedSSO_EKS-alumnos_a4561514b13725b0",
            "session_name": "jorge.vidal@campusdual.com"
          },
          "sensitive_attributes": []
        }
      ]
    },
    {
      "module": "module.eks_managed_node_groups.module.eks",
      "mode": "data",
      "type": "aws_partition",
      "name": "current",
      "provider": "provider[\"registry.terraform.io/hashicorp/aws\"]",
      "instances": [
        {
          "schema_version": 0,
          "attributes": {
            "dns_suffix": "amazonaws.com",
            "id": "aws",
            "partition": "aws",
            "reverse_dns_prefix": "com.amazonaws"
          },
          "sensitive_attributes": []
        }
      ]
    },
    {
      "module": "module.eks_managed_node_groups.module.eks",
      "mode": "data",
      "type": "tls_certificate",
      "name": "this",
      "provider": "provider[\"registry.terraform.io/hashicorp/tls\"]",
      "instances": [
        {
          "index_key": 0,
          "schema_version": 0,
          "attributes": {
            "certificates": [
              {
                "cert_pem": "-----BEGIN CERTIFICATE-----\nMIIEdTCCA12gAwIBAgIJAKcOSkw0grd/MA0GCSqGSIb3DQEBCwUAMGgxCzAJBgNV\nBAYTAlVTMSUwIwYDVQQKExxTdGFyZmllbGQgVGVjaG5vbG9naWVzLCBJbmMuMTIw\nMAYDVQQLEylTdGFyZmllbGQgQ2xhc3MgMiBDZXJ0aWZpY2F0aW9uIEF1dGhvcml0\neTAeFw0wOTA5MDIwMDAwMDBaFw0zNDA2MjgxNzM5MTZaMIGYMQswCQYDVQQGEwJV\nUzEQMA4GA1UECBMHQXJpem9uYTETMBEGA1UEBxMKU2NvdHRzZGFsZTElMCMGA1UE\nChMcU3RhcmZpZWxkIFRlY2hub2xvZ2llcywgSW5jLjE7MDkGA1UEAxMyU3RhcmZp\nZWxkIFNlcnZpY2VzIFJvb3QgQ2VydGlmaWNhdGUgQXV0aG9yaXR5IC0gRzIwggEi\nMA0GCSqGSIb3DQEBAQUAA4IBDwAwggEKAoIBAQDVDDrEKvlO4vW+GZdfjohTsR8/\ny8+fIBNtKTrID30892t2OGPZNmCom15cAICyL1l/9of5JUOG52kbUpqQ4XHj2C0N\nTm/2yEnZtvMaVq4rtnQU68/7JuMauh2WLmo7WJSJR1b/JaCTcFOD2oR0FMNnngRo\nOt+OQFodSk7PQ5E751bWAHDLUu57fa4657wx+UX2wmDPE1kCK4DMNEffud6QZW0C\nzyyRpqbn3oUYSXxmTqM6bam17jQuug0DuDPfR+uxa40l2ZvOgdFFRjKWcIfeAg5J\nQ4W2bHO7ZOphQazJ1FTfhy/HIrImzJ9ZVGif/L4qL8RVHHVAYBeFAlU5i38FAgMB\nAAGjgfAwge0wDwYDVR0TAQH/BAUwAwEB/zAOBgNVHQ8BAf8EBAMCAYYwHQYDVR0O\nBBYEFJxfAN+qAdcwKziIorhtSpzyEZGDMB8GA1UdIwQYMBaAFL9ft9HO3R+G9FtV\nrNzXEMIOqYjnME8GCCsGAQUFBwEBBEMwQTAcBggrBgEFBQcwAYYQaHR0cDovL28u\nc3MyLnVzLzAhBggrBgEFBQcwAoYVaHR0cDovL3guc3MyLnVzL3guY2VyMCYGA1Ud\nHwQfMB0wG6AZoBeGFWh0dHA6Ly9zLnNzMi51cy9yLmNybDARBgNVHSAECjAIMAYG\nBFUdIAAwDQYJKoZIhvcNAQELBQADggEBACMd44pXyn3pF3lM8R5V/cxTbj5HD9/G\nVfKyBDbtgB9TxF00KGu+x1X8Z+rLP3+QsjPNG1gQggL4+C/1E2DUBc7xgQjB3ad1\nl08YuW3e95ORCLp+QCztweq7dp4zBncdDQh/U90bZKuCJ/Fp1U1ervShw3WnWEQt\n8jxwmKy6abaVd38PMV4s/KCHOkdp8Hlf9BRUpJVeEXgSYCfOn8J3/yNTd126/+pZ\n59vPr5KW7ySaNRB6nJHGDn2Z9j8Z3/VyVOEVqQdZe4O/Ui5GjLIAZHYcSNPYeehu\nVsyuLAOQ1xk4meTKCRlb/weWsKh/NEnfVqn3sF/tM+2MR7cwA130A4w=\n-----END CERTIFICATE-----\n",
                "is_ca": true,
                "issuer": "OU=Starfield Class 2 Certification Authority,O=Starfield Technologies\\, Inc.,C=US",
                "not_after": "2034-06-28T17:39:16Z",
                "not_before": "2009-09-02T00:00:00Z",
                "public_key_algorithm": "RSA",
                "serial_number": "12037640545166866303",
                "sha1_fingerprint": "9e99a48a9960b14926bb7f3b02e22da2b0ab7280",
                "signature_algorithm": "SHA256-RSA",
                "subject": "CN=Starfield Services Root Certificate Authority - G2,O=Starfield Technologies\\, Inc.,L=Scottsdale,ST=Arizona,C=US",
                "version": 3
              },
              {
                "cert_pem": "-----BEGIN CERTIFICATE-----\nMIIEkjCCA3qgAwIBAgITBn+USionzfP6wq4rAfkI7rnExjANBgkqhkiG9w0BAQsF\nADCBmDELMAkGA1UEBhMCVVMxEDAOBgNVBAgTB0FyaXpvbmExEzARBgNVBAcTClNj\nb3R0c2RhbGUxJTAjBgNVBAoTHFN0YXJmaWVsZCBUZWNobm9sb2dpZXMsIEluYy4x\nOzA5BgNVBAMTMlN0YXJmaWVsZCBTZXJ2aWNlcyBSb290IENlcnRpZmljYXRlIEF1\ndGhvcml0eSAtIEcyMB4XDTE1MDUyNTEyMDAwMFoXDTM3MTIzMTAxMDAwMFowOTEL\nMAkGA1UEBhMCVVMxDzANBgNVBAoTBkFtYXpvbjEZMBcGA1UEAxMQQW1hem9uIFJv\nb3QgQ0EgMTCCASIwDQYJKoZIhvcNAQEBBQADggEPADCCAQoCggEBALJ4gHHKeNXj\nca9HgFB0fW7Y14h29Jlo91ghYPl0hAEvrAIthtOgQ3pOsqTQNroBvo3bSMgHFzZM\n9O6II8c+6zf1tRn4SWiw3te5djgdYZ6k/oI2peVKVuRF4fn9tBb6dNqcmzU5L/qw\nIFAGbHrQgLKm+a/sRxmPUDgH3KKHOVj4utWp+UhnMJbulHheb4mjUcAwhmahRWa6\nVOujw5H5SNz/0egwLX0tdHA114gk957EWW67c4cX8jJGKLhD+rcdqsq08p8kDi1L\n93FcXmn/6pUCyziKrlA4b9v7LWIbxcceVOF34GfID5yHI9Y/QCB/IIDEgEw+OyQm\njgSubJrIqg0CAwEAAaOCATEwggEtMA8GA1UdEwEB/wQFMAMBAf8wDgYDVR0PAQH/\nBAQDAgGGMB0GA1UdDgQWBBSEGMyFNOy8DJSULghZnMeyEE4KCDAfBgNVHSMEGDAW\ngBScXwDfqgHXMCs4iKK4bUqc8hGRgzB4BggrBgEFBQcBAQRsMGowLgYIKwYBBQUH\nMAGGImh0dHA6Ly9vY3NwLnJvb3RnMi5hbWF6b250cnVzdC5jb20wOAYIKwYBBQUH\nMAKGLGh0dHA6Ly9jcnQucm9vdGcyLmFtYXpvbnRydXN0LmNvbS9yb290ZzIuY2Vy\nMD0GA1UdHwQ2MDQwMqAwoC6GLGh0dHA6Ly9jcmwucm9vdGcyLmFtYXpvbnRydXN0\nLmNvbS9yb290ZzIuY3JsMBEGA1UdIAQKMAgwBgYEVR0gADANBgkqhkiG9w0BAQsF\nAAOCAQEAYjdCXLwQtT6LLOkMm2xF4gcAevnFWAu5CIw+7bMlPLVvUOTNNWqnkzSW\nMiGpSESrnO09tKpzbeR/FoCJbM8oAxiDR3mjEH4wW6w7sGDgd9QIpuEdfF7Au/ma\neyKdpwAJfqxGF4PcnCZXmTA5YpaP7dreqsXMGz7KQ2hsVxa81Q4gLv7/wmpdLqBK\nbRRYh5TmOTFffHPLkIhqhBGWJ6bt2YFGpn6jcgAKUj6DiAdjd4lpFw85hdKrCEVN\n0FE6/V1dN2RMfjCyVSRCnTawXZwXgWHxyvkQAiSr6w10kY17RSlQOYiypok1JR4U\nakcjMS9cmvqtmg5iUaQqqcT5NJ0hGA==\n-----END CERTIFICATE-----\n",
                "is_ca": true,
                "issuer": "CN=Starfield Services Root Certificate Authority - G2,O=Starfield Technologies\\, Inc.,L=Scottsdale,ST=Arizona,C=US",
                "not_after": "2037-12-31T01:00:00Z",
                "not_before": "2015-05-25T12:00:00Z",
                "public_key_algorithm": "RSA",
                "serial_number": "144918191876577076464031512351042010504348870",
                "sha1_fingerprint": "06b25927c42a721631c1efd9431e648fa62e1e39",
                "signature_algorithm": "SHA256-RSA",
                "subject": "CN=Amazon Root CA 1,O=Amazon,C=US",
                "version": 3
              },
              {
                "cert_pem": "-----BEGIN CERTIFICATE-----\nMIIEXjCCA0agAwIBAgITB3MSSkvL1E7HtTvq8ZSELToPoTANBgkqhkiG9w0BAQsF\nADA5MQswCQYDVQQGEwJVUzEPMA0GA1UEChMGQW1hem9uMRkwFwYDVQQDExBBbWF6\nb24gUm9vdCBDQSAxMB4XDTIyMDgyMzIyMjUzMFoXDTMwMDgyMzIyMjUzMFowPDEL\nMAkGA1UEBhMCVVMxDzANBgNVBAoTBkFtYXpvbjEcMBoGA1UEAxMTQW1hem9uIFJT\nQSAyMDQ4IE0wMjCCASIwDQYJKoZIhvcNAQEBBQADggEPADCCAQoCggEBALtDGMZa\nqHneKei1by6+pUPPLljTB143Si6VpEWPc6mSkFhZb/6qrkZyoHlQLbDYnI2D7hD0\nsdzEqfnuAjIsuXQLG3A8TvX6V3oFNBFVe8NlLJHvBseKY88saLwufxkZVwk74g4n\nWlNMXzla9Y5F3wwRHwMVH443xGz6UtGSZSqQ94eFx5X7Tlqt8whi8qCaKdZ5rNak\n+r9nUThOeClqFd4oXych//Rc7Y0eX1KNWHYSI1Nk31mYgiK3JvH063g+K9tHA63Z\neTgKgndlh+WI+zv7i44HepRZjA1FYwYZ9Vv/9UkC5Yz8/yU65fgjaE+wVHM4e/Yy\nC2osrPWE7gJ+dXMCAwEAAaOCAVowggFWMBIGA1UdEwEB/wQIMAYBAf8CAQAwDgYD\nVR0PAQH/BAQDAgGGMB0GA1UdJQQWMBQGCCsGAQUFBwMBBggrBgEFBQcDAjAdBgNV\nHQ4EFgQUwDFSzVpQw4J8dHHOy+mc+XrrguIwHwYDVR0jBBgwFoAUhBjMhTTsvAyU\nlC4IWZzHshBOCggwewYIKwYBBQUHAQEEbzBtMC8GCCsGAQUFBzABhiNodHRwOi8v\nb2NzcC5yb290Y2ExLmFtYXpvbnRydXN0LmNvbTA6BggrBgEFBQcwAoYuaHR0cDov\nL2NydC5yb290Y2ExLmFtYXpvbnRydXN0LmNvbS9yb290Y2ExLmNlcjA/BgNVHR8E\nODA2MDSgMqAwhi5odHRwOi8vY3JsLnJvb3RjYTEuYW1hem9udHJ1c3QuY29tL3Jv\nb3RjYTEuY3JsMBMGA1UdIAQMMAowCAYGZ4EMAQIBMA0GCSqGSIb3DQEBCwUAA4IB\nAQAtTi6Fs0Azfi+iwm7jrz+CSxHH+uHl7Law3MQSXVtR8RV53PtR6r/6gNpqlzdo\nZq4FKbADi1v9Bun8RY8D51uedRfjsbeodizeBB8nXmeyD33Ep7VATj4ozcd31YFV\nfgRhvTSxNrrTlNpWkUk0m3BMPv8sg381HhA6uEYokE5q9uws/3YkKqRiEz3TsaWm\nJqIRZhMbgAfp7O7FUwFIb7UIspogZSKxPIWJpxiPo3TcBambbVtQOcNRWz5qCQdD\nslI2yayq0n2TXoHyNCLEH8rpsJRVILFsg0jc7BaFrMnF462+ajSehgj12IidNeRN\n4zl+EoNaWdpnWndvSpAEkq2P\n-----END CERTIFICATE-----\n",
                "is_ca": true,
                "issuer": "CN=Amazon Root CA 1,O=Amazon,C=US",
                "not_after": "2030-08-23T22:25:30Z",
                "not_before": "2022-08-23T22:25:30Z",
                "public_key_algorithm": "RSA",
                "serial_number": "166129353110899469622597955040406457904926625",
                "sha1_fingerprint": "414a2060b738c635cc7fc243e052615592830c53",
                "signature_algorithm": "SHA256-RSA",
                "subject": "CN=Amazon RSA 2048 M02,O=Amazon,C=US",
                "version": 3
              },
              {
                "cert_pem": "-----BEGIN CERTIFICATE-----\nMIIF5jCCBM6gAwIBAgIQBffx8QM2PUWgDncj63+LQTANBgkqhkiG9w0BAQsFADA8\nMQswCQYDVQQGEwJVUzEPMA0GA1UEChMGQW1hem9uMRwwGgYDVQQDExNBbWF6b24g\nUlNBIDIwNDggTTAyMB4XDTI0MDMyNzAwMDAwMFoXDTI1MDQyNTIzNTk1OVowKDEm\nMCQGA1UEAwwdKi5la3MuZXUtd2VzdC0zLmFtYXpvbmF3cy5jb20wggEiMA0GCSqG\nSIb3DQEBAQUAA4IBDwAwggEKAoIBAQDQpEOPdEJTsqJwj1pRVweVy8dwE7t5bmkK\n6SCsStWpg5cy1g2GqLBvOjoHB54J3ZkvSE7yuUoSqe3ZfS9Bp/zdtbsQ7NVj+THO\no3dn9WszzTQJGko7YTEQZDJlNk3PHTHIKTdb6I6qMkXd78d3nOO8a/b8cC04e7wV\nxx+GCMWb52NJdgzPSlwPVl0+Lfj5sjr+F3zOMCf8llqLESBk+NJzLrzn6panSxaf\nuEwyDsm06bJvPCUgf6P8HiD2GzPXbawONpLDRgfBx+TZgLki1s/WRfFoQXd15sGC\n/Bz7D94Y+H92FySfa+QVcCV3eHEGQMizrYiXzvEGTv8C/J9yjCJhAgMBAAGjggL2\nMIIC8jAfBgNVHSMEGDAWgBTAMVLNWlDDgnx0cc7L6Zz5euuC4jAdBgNVHQ4EFgQU\nXQbXxcNPhPu+34g/RKF+Z42qWLAwKAYDVR0RBCEwH4IdKi5la3MuZXUtd2VzdC0z\nLmFtYXpvbmF3cy5jb20wEwYDVR0gBAwwCjAIBgZngQwBAgEwDgYDVR0PAQH/BAQD\nAgWgMB0GA1UdJQQWMBQGCCsGAQUFBwMBBggrBgEFBQcDAjA7BgNVHR8ENDAyMDCg\nLqAshipodHRwOi8vY3JsLnIybTAyLmFtYXpvbnRydXN0LmNvbS9yMm0wMi5jcmww\ndQYIKwYBBQUHAQEEaTBnMC0GCCsGAQUFBzABhiFodHRwOi8vb2NzcC5yMm0wMi5h\nbWF6b250cnVzdC5jb20wNgYIKwYBBQUHMAKGKmh0dHA6Ly9jcnQucjJtMDIuYW1h\nem9udHJ1c3QuY29tL3IybTAyLmNlcjAMBgNVHRMBAf8EAjAAMIIBfgYKKwYBBAHW\neQIEAgSCAW4EggFqAWgAdwBOdaMnXJoQwzhbbNTfP1LrHfDgjhuNacCx+mSxYpo5\n3wAAAY6BKW7OAAAEAwBIMEYCIQCLBM5X8p0PiQh4GLjm4biG6ddECeYzOaZYKGhu\njhKN8gIhAKYcv/q7Dn4LPlr8Y43sIL1nTn+yt84XKaCcdRfXD8DkAHYAfVkeEuF4\nKnscYWd8Xv340IdcFKBOlZ65Ay/ZDowuebgAAAGOgSlvDAAABAMARzBFAiBEDNit\nOhRADX6Kr7yXfdgS9c/HG+r6fkMZxszfsqYr4gIhAMXPxeXvpvZmbZCdQcJ1X12+\nB5tIKi33b3X1jIGN3A3kAHUA5tIxY0B3jMEQQQbXcbnOwdJA9paEhvu6hzId/R43\njlAAAAGOgSlvJAAABAMARjBEAiB3KeYibfZzF+sTYue4gpjn8H8ER4S+TC9QL6Z4\nDyVQ+QIgNcMbYYIEn/qoRfUhvdlETO1KwDHrnxkplfTV3nyqV5kwDQYJKoZIhvcN\nAQELBQADggEBAKyXs/EEgdYuBda5r6rQdCRuiCbhxgKHvyyLrPYCN+pMUiN3UfzS\nTaJ6IgzaRRAtwyLy4hX/9twNEcTd9Xb7Ju0oXdrTA5UHtcKGMVLZgZ2aTSSIRTmF\n08VCDO+oNY4srIx/6faLsRW8xCZj3Vwn1TW7r0d/42FaE2hymY6ZTZjttv+lKPPp\nFDIZXCNCBUMer4AN3AtX2vcqaamitoCoeHu8+anfZXK4mC8L5KX4WS+pGUfgITe+\nkKGARS7ggc8AS1L352nHbdSOZ/MpgD9LnUunNeCzd6v1qD7eui8HR4tHf/xvYsXQ\niJL93LW7h+Jhjzjtrl0TArJ/lbhdJ1O4nGY=\n-----END CERTIFICATE-----\n",
                "is_ca": false,
                "issuer": "CN=Amazon RSA 2048 M02,O=Amazon,C=US",
                "not_after": "2025-04-25T23:59:59Z",
                "not_before": "2024-03-27T00:00:00Z",
                "public_key_algorithm": "RSA",
                "serial_number": "7933544458678354151480907234197605185",
                "sha1_fingerprint": "0e5107483589d91041a8733fbcf0e964152d1e90",
                "signature_algorithm": "SHA256-RSA",
                "subject": "CN=*.eks.eu-west-3.amazonaws.com",
                "version": 3
              }
            ],
            "content": null,
            "id": "6ccb623cceafca82e05629fc3a65931511c19388",
            "url": "https://oidc.eks.eu-west-3.amazonaws.com/id/7D40248E8D3A329F9E0CDE69C32492AA",
            "verify_chain": true
          },
          "sensitive_attributes": []
        }
      ]
    },
    {
      "module": "module.eks_managed_node_groups.module.eks",
      "mode": "managed",
      "type": "aws_cloudwatch_log_group",
      "name": "this",
      "provider": "provider[\"registry.terraform.io/hashicorp/aws\"]",
      "instances": [
        {
          "index_key": 0,
          "schema_version": 0,
          "attributes": {
            "arn": "arn:aws:logs:eu-west-3:248189943700:log-group:/aws/eks/mi-cluster-jvs/cluster",
            "id": "/aws/eks/mi-cluster-jvs/cluster",
            "kms_key_id": "",
            "log_group_class": "STANDARD",
            "name": "/aws/eks/mi-cluster-jvs/cluster",
            "name_prefix": "",
            "retention_in_days": 90,
            "skip_destroy": false,
            "tags": {
              "Name": "/aws/eks/mi-cluster-jvs/cluster"
            },
            "tags_all": {
              "Name": "/aws/eks/mi-cluster-jvs/cluster"
            }
          },
          "sensitive_attributes": [],
          "private": "bnVsbA==",
          "create_before_destroy": true
        }
      ]
    },
    {
      "module": "module.eks_managed_node_groups.module.eks",
      "mode": "managed",
      "type": "aws_eks_cluster",
      "name": "this",
      "provider": "provider[\"registry.terraform.io/hashicorp/aws\"]",
      "instances": [
        {
          "index_key": 0,
          "schema_version": 1,
          "attributes": {
            "access_config": [
              {
                "authentication_mode": "CONFIG_MAP",
                "bootstrap_cluster_creator_admin_permissions": true
              }
            ],
            "arn": "arn:aws:eks:eu-west-3:248189943700:cluster/mi-cluster-jvs",
            "bootstrap_self_managed_addons": true,
            "certificate_authority": [
              {
                "data": "LS0tLS1CRUdJTiBDRVJUSUZJQ0FURS0tLS0tCk1JSURCVENDQWUyZ0F3SUJBZ0lJQmFJclZwdTFMeUV3RFFZSktvWklodmNOQVFFTEJRQXdGVEVUTUJFR0ExVUUKQXhNS2EzVmlaWEp1WlhSbGN6QWVGdzB5TlRBeE1qZ3hPVEE0TVRKYUZ3MHpOVEF4TWpZeE9URXpNVEphTUJVeApFekFSQmdOVkJBTVRDbXQxWW1WeWJtVjBaWE13Z2dFaU1BMEdDU3FHU0liM0RRRUJBUVVBQTRJQkR3QXdnZ0VLCkFvSUJBUUQxWlplMndSbzl5VkdWRXFIUGlJVWh5YXhUdUh3eE9VQlBBeEgzTXRRWVhvVkIwVzhDeU5KU1I4TTkKMUtYSWRmTFZOMW1od1J6ekQvZE5OZlJrWmJkN1ErOURQa2hDRFM0Q0JjSzlFTUdXdmZYbTNKMEk1Z25WVHRjVQpSakZDMEhLT003aVlSNlBxdlZCWFdhcDRheXZvdm9RNXA3dTZMeVF1dFZnWFBnOGloVy92b0xBSGYzcCs1T2RFCndBcllzS2JYMEd4cHhiSE5RNmFmWWlHMHlwQzZReEhqcCtTT292K0xHRXFKR1FNb0VyRmQyUXgzZktHWUFRdHUKNTlFRDZPS0V1bEI2RVBUOXVSWitKdU5QbjN4WndqNEY4dUxNQ2t4UFRXMGNJWUQvUzZjeFB2ZGJxRkFwUFBlVQpzaUR3U2padUcxZWJUTWZtZFRBWW9lNHBBZ2NyQWdNQkFBR2pXVEJYTUE0R0ExVWREd0VCL3dRRUF3SUNwREFQCkJnTlZIUk1CQWY4RUJUQURBUUgvTUIwR0ExVWREZ1FXQkJRMllvYkVjWnM3RjI4T2JJL1lndXMvZmliT05qQVYKQmdOVkhSRUVEakFNZ2dwcmRXSmxjbTVsZEdWek1BMEdDU3FHU0liM0RRRUJDd1VBQTRJQkFRQzZDWUlGMnN5QQpnZlZHVDlRVWpJZzk1Z1ZQcThGREhXSGhqK3FETDFWYUVHWFZVZ255N3ZNSW1hVVliSWllU3FoZ1JUS2JFZ05sCkRMM0grWnlGS2Q0U3U0SVNDbE9KVUtWME9HaXFhbmcvR3BxaUhZaUVaUlNJaTk4ZGRkdnlWVVNhYkhZWnZqTCsKUVR2TjFwTUVMSlBJK3ZmSzYyOTkwc0JhWWFRSC9aVTlKZkk0SmNmekVPbXI5NXVTdTM1VDBNQ1pwWU45d1ljSApwRy8rR3VNUFhtT0JOUWZUbFQ1aVJWSTNCelZXQlBqbTJGdW9LdDBwVW5zMk93aWJEVXc1V2grTGFBMmtPbUh6ClpZdFN0M0hKcTB6eXEvYnhLeThLcjNwb3liVXdha011dEwzKzQvN1g2U2VrQ3ExODRTcG02SGI4a1Ezc1Yxc08KQ1BZUjB1Tk0xSFhWCi0tLS0tRU5EIENFUlRJRklDQVRFLS0tLS0K"
              }
            ],
            "cluster_id": null,
            "compute_config": [],
            "created_at": "2025-01-28T19:09:35Z",
            "enabled_cluster_log_types": [
              "api",
              "audit",
              "authenticator"
            ],
            "encryption_config": [
              {
                "provider": [
                  {
                    "key_arn": "arn:aws:kms:eu-west-3:248189943700:key/956af1b4-9598-464d-a7a1-3e8f0d0f7954"
                  }
                ],
                "resources": [
                  "secrets"
                ]
              }
            ],
            "endpoint": "https://7D40248E8D3A329F9E0CDE69C32492AA.gr7.eu-west-3.eks.amazonaws.com",
            "id": "mi-cluster-jvs",
            "identity": [
              {
                "oidc": [
                  {
                    "issuer": "https://oidc.eks.eu-west-3.amazonaws.com/id/7D40248E8D3A329F9E0CDE69C32492AA"
                  }
                ]
              }
            ],
            "kubernetes_network_config": [
              {
                "elastic_load_balancing": [
                  {
                    "enabled": false
                  }
                ],
                "ip_family": "ipv4",
                "service_ipv4_cidr": "10.100.0.0/16",
                "service_ipv6_cidr": ""
              }
            ],
            "name": "mi-cluster-jvs",
            "outpost_config": [],
            "platform_version": "eks.2",
            "remote_network_config": [],
            "role_arn": "arn:aws:iam::248189943700:role/mi-cluster-jvs-cluster-20250128190915157300000003",
            "status": "ACTIVE",
            "storage_config": [],
            "tags": {},
            "tags_all": {},
            "timeouts": {
              "create": null,
              "delete": null,
              "update": null
            },
            "upgrade_policy": [
              {
                "support_type": "EXTENDED"
              }
            ],
            "version": "1.32",
            "vpc_config": [
              {
                "cluster_security_group_id": "sg-031d385e2ea531193",
                "endpoint_private_access": true,
                "endpoint_public_access": true,
                "public_access_cidrs": [
                  "0.0.0.0/0"
                ],
                "security_group_ids": [
                  "sg-012ed871de516a74e"
                ],
                "subnet_ids": [
                  "subnet-01aa073f6dedf4aae",
                  "subnet-0ba9c83b2abfca63b",
                  "subnet-0c74de2d5b377a9e7"
                ],
                "vpc_id": "vpc-002427d5be38383d7"
              }
            ],
            "zonal_shift_config": []
          },
          "sensitive_attributes": [],
          "private": "eyJlMmJmYjczMC1lY2FhLTExZTYtOGY4OC0zNDM2M2JjN2M0YzAiOnsiY3JlYXRlIjoxODAwMDAwMDAwMDAwLCJkZWxldGUiOjkwMDAwMDAwMDAwMCwidXBkYXRlIjozNjAwMDAwMDAwMDAwfSwic2NoZW1hX3ZlcnNpb24iOiIxIn0=",
          "dependencies": [
            "module.eks_managed_node_groups.module.eks.aws_cloudwatch_log_group.this",
            "module.eks_managed_node_groups.module.eks.aws_iam_policy.cni_ipv6_policy",
            "module.eks_managed_node_groups.module.eks.aws_iam_role.this",
            "module.eks_managed_node_groups.module.eks.aws_iam_role_policy_attachment.this",
            "module.eks_managed_node_groups.module.eks.aws_security_group.cluster",
            "module.eks_managed_node_groups.module.eks.aws_security_group.node",
            "module.eks_managed_node_groups.module.eks.aws_security_group_rule.cluster",
            "module.eks_managed_node_groups.module.eks.aws_security_group_rule.node",
            "module.eks_managed_node_groups.module.eks.data.aws_caller_identity.current",
            "module.eks_managed_node_groups.module.eks.data.aws_iam_policy_document.assume_role_policy",
            "module.eks_managed_node_groups.module.eks.data.aws_iam_policy_document.cni_ipv6_policy",
            "module.eks_managed_node_groups.module.eks.data.aws_iam_session_context.current",
            "module.eks_managed_node_groups.module.eks.data.aws_partition.current",
            "module.eks_managed_node_groups.module.eks.module.kms.aws_kms_external_key.this",
            "module.eks_managed_node_groups.module.eks.module.kms.aws_kms_key.this",
            "module.eks_managed_node_groups.module.eks.module.kms.aws_kms_replica_external_key.this",
            "module.eks_managed_node_groups.module.eks.module.kms.aws_kms_replica_key.this",
            "module.eks_managed_node_groups.module.eks.module.kms.data.aws_caller_identity.current",
            "module.eks_managed_node_groups.module.eks.module.kms.data.aws_iam_policy_document.this",
            "module.eks_managed_node_groups.module.eks.module.kms.data.aws_partition.current"
          ],
          "create_before_destroy": true
        }
      ]
    },
    {
      "module": "module.eks_managed_node_groups.module.eks",
      "mode": "managed",
      "type": "aws_iam_openid_connect_provider",
      "name": "oidc_provider",
      "provider": "provider[\"registry.terraform.io/hashicorp/aws\"]",
      "instances": [
        {
          "index_key": 0,
          "schema_version": 0,
          "attributes": {
            "arn": "arn:aws:iam::248189943700:oidc-provider/oidc.eks.eu-west-3.amazonaws.com/id/7D40248E8D3A329F9E0CDE69C32492AA",
            "client_id_list": [
              "sts.amazonaws.com"
            ],
            "id": "arn:aws:iam::248189943700:oidc-provider/oidc.eks.eu-west-3.amazonaws.com/id/7D40248E8D3A329F9E0CDE69C32492AA",
            "tags": {
              "Name": "mi-cluster-jvs-eks-irsa"
            },
            "tags_all": {
              "Name": "mi-cluster-jvs-eks-irsa"
            },
            "thumbprint_list": [
              "9e99a48a9960b14926bb7f3b02e22da2b0ab7280"
            ],
            "url": "oidc.eks.eu-west-3.amazonaws.com/id/7D40248E8D3A329F9E0CDE69C32492AA"
          },
          "sensitive_attributes": [],
          "private": "bnVsbA==",
          "dependencies": [
            "module.eks_managed_node_groups.module.eks.aws_cloudwatch_log_group.this",
            "module.eks_managed_node_groups.module.eks.aws_eks_cluster.this",
            "module.eks_managed_node_groups.module.eks.aws_iam_policy.cni_ipv6_policy",
            "module.eks_managed_node_groups.module.eks.aws_iam_role.this",
            "module.eks_managed_node_groups.module.eks.aws_iam_role_policy_attachment.this",
            "module.eks_managed_node_groups.module.eks.aws_security_group.cluster",
            "module.eks_managed_node_groups.module.eks.aws_security_group.node",
            "module.eks_managed_node_groups.module.eks.aws_security_group_rule.cluster",
            "module.eks_managed_node_groups.module.eks.aws_security_group_rule.node",
            "module.eks_managed_node_groups.module.eks.data.aws_caller_identity.current",
            "module.eks_managed_node_groups.module.eks.data.aws_iam_policy_document.assume_role_policy",
            "module.eks_managed_node_groups.module.eks.data.aws_iam_policy_document.cni_ipv6_policy",
            "module.eks_managed_node_groups.module.eks.data.aws_iam_session_context.current",
            "module.eks_managed_node_groups.module.eks.data.aws_partition.current",
            "module.eks_managed_node_groups.module.eks.data.tls_certificate.this",
            "module.eks_managed_node_groups.module.eks.module.kms.aws_kms_external_key.this",
            "module.eks_managed_node_groups.module.eks.module.kms.aws_kms_key.this",
            "module.eks_managed_node_groups.module.eks.module.kms.aws_kms_replica_external_key.this",
            "module.eks_managed_node_groups.module.eks.module.kms.aws_kms_replica_key.this",
            "module.eks_managed_node_groups.module.eks.module.kms.data.aws_caller_identity.current",
            "module.eks_managed_node_groups.module.eks.module.kms.data.aws_iam_policy_document.this",
            "module.eks_managed_node_groups.module.eks.module.kms.data.aws_partition.current"
          ]
        }
      ]
    },
    {
      "module": "module.eks_managed_node_groups.module.eks",
      "mode": "managed",
      "type": "aws_iam_policy",
      "name": "cluster_encryption",
      "provider": "provider[\"registry.terraform.io/hashicorp/aws\"]",
      "instances": [
        {
          "index_key": 0,
          "schema_version": 0,
          "attributes": {
            "arn": "arn:aws:iam::248189943700:policy/mi-cluster-jvs-cluster-ClusterEncryption2025012819093320910000000a",
            "attachment_count": 1,
            "description": "Cluster encryption policy to allow cluster role to utilize CMK provided",
            "id": "arn:aws:iam::248189943700:policy/mi-cluster-jvs-cluster-ClusterEncryption2025012819093320910000000a",
            "name": "mi-cluster-jvs-cluster-ClusterEncryption2025012819093320910000000a",
            "name_prefix": "mi-cluster-jvs-cluster-ClusterEncryption",
            "path": "/",
            "policy": "{\"Statement\":[{\"Action\":[\"kms:Encrypt\",\"kms:Decrypt\",\"kms:ListGrants\",\"kms:DescribeKey\"],\"Effect\":\"Allow\",\"Resource\":\"arn:aws:kms:eu-west-3:248189943700:key/956af1b4-9598-464d-a7a1-3e8f0d0f7954\"}],\"Version\":\"2012-10-17\"}",
            "policy_id": "ANPATTSKF76KKDEKNHPUT",
            "tags": {},
            "tags_all": {}
          },
          "sensitive_attributes": [],
          "private": "bnVsbA==",
          "dependencies": [
            "module.eks_managed_node_groups.module.eks.aws_iam_role.this",
            "module.eks_managed_node_groups.module.eks.data.aws_caller_identity.current",
            "module.eks_managed_node_groups.module.eks.data.aws_iam_policy_document.assume_role_policy",
            "module.eks_managed_node_groups.module.eks.data.aws_iam_session_context.current",
            "module.eks_managed_node_groups.module.eks.data.aws_partition.current",
            "module.eks_managed_node_groups.module.eks.module.kms.aws_kms_external_key.this",
            "module.eks_managed_node_groups.module.eks.module.kms.aws_kms_key.this",
            "module.eks_managed_node_groups.module.eks.module.kms.aws_kms_replica_external_key.this",
            "module.eks_managed_node_groups.module.eks.module.kms.aws_kms_replica_key.this",
            "module.eks_managed_node_groups.module.eks.module.kms.data.aws_caller_identity.current",
            "module.eks_managed_node_groups.module.eks.module.kms.data.aws_iam_policy_document.this",
            "module.eks_managed_node_groups.module.eks.module.kms.data.aws_partition.current"
          ]
        }
      ]
    },
    {
      "module": "module.eks_managed_node_groups.module.eks",
      "mode": "managed",
      "type": "aws_iam_role",
      "name": "this",
      "provider": "provider[\"registry.terraform.io/hashicorp/aws\"]",
      "instances": [
        {
          "index_key": 0,
          "schema_version": 0,
          "attributes": {
            "arn": "arn:aws:iam::248189943700:role/mi-cluster-jvs-cluster-20250128190915157300000003",
            "assume_role_policy": "{\"Statement\":[{\"Action\":\"sts:AssumeRole\",\"Effect\":\"Allow\",\"Principal\":{\"Service\":\"eks.amazonaws.com\"},\"Sid\":\"EKSClusterAssumeRole\"}],\"Version\":\"2012-10-17\"}",
            "create_date": "2025-01-28T19:09:15Z",
            "description": "",
            "force_detach_policies": true,
            "id": "mi-cluster-jvs-cluster-20250128190915157300000003",
            "inline_policy": [
              {
                "name": "mi-cluster-jvs-cluster",
                "policy": "{\"Version\":\"2012-10-17\",\"Statement\":[{\"Action\":[\"logs:CreateLogGroup\"],\"Effect\":\"Deny\",\"Resource\":\"*\"}]}"
              }
            ],
            "managed_policy_arns": [
              "arn:aws:iam::248189943700:policy/mi-cluster-jvs-cluster-ClusterEncryption2025012819093320910000000a",
              "arn:aws:iam::aws:policy/AmazonEKSClusterPolicy",
              "arn:aws:iam::aws:policy/AmazonEKSVPCResourceController"
            ],
            "max_session_duration": 3600,
            "name": "mi-cluster-jvs-cluster-20250128190915157300000003",
            "name_prefix": "mi-cluster-jvs-cluster-",
            "path": "/",
            "permissions_boundary": "",
            "tags": {},
            "tags_all": {},
            "unique_id": "AROATTSKF76KCLKEAUS5P"
          },
          "sensitive_attributes": [],
          "private": "bnVsbA==",
          "dependencies": [
            "module.eks_managed_node_groups.module.eks.data.aws_iam_policy_document.assume_role_policy",
            "module.eks_managed_node_groups.module.eks.data.aws_partition.current"
          ],
          "create_before_destroy": true
        }
      ]
    },
    {
      "module": "module.eks_managed_node_groups.module.eks",
      "mode": "managed",
      "type": "aws_iam_role_policy_attachment",
      "name": "cluster_encryption",
      "provider": "provider[\"registry.terraform.io/hashicorp/aws\"]",
      "instances": [
        {
          "index_key": 0,
          "schema_version": 0,
          "attributes": {
            "id": "mi-cluster-jvs-cluster-20250128190915157300000003-2025012819093394650000000b",
            "policy_arn": "arn:aws:iam::248189943700:policy/mi-cluster-jvs-cluster-ClusterEncryption2025012819093320910000000a",
            "role": "mi-cluster-jvs-cluster-20250128190915157300000003"
          },
          "sensitive_attributes": [],
          "private": "bnVsbA==",
          "dependencies": [
            "module.eks_managed_node_groups.module.eks.aws_iam_policy.cluster_encryption",
            "module.eks_managed_node_groups.module.eks.aws_iam_role.this",
            "module.eks_managed_node_groups.module.eks.data.aws_caller_identity.current",
            "module.eks_managed_node_groups.module.eks.data.aws_iam_policy_document.assume_role_policy",
            "module.eks_managed_node_groups.module.eks.data.aws_iam_session_context.current",
            "module.eks_managed_node_groups.module.eks.data.aws_partition.current",
            "module.eks_managed_node_groups.module.eks.module.kms.aws_kms_external_key.this",
            "module.eks_managed_node_groups.module.eks.module.kms.aws_kms_key.this",
            "module.eks_managed_node_groups.module.eks.module.kms.aws_kms_replica_external_key.this",
            "module.eks_managed_node_groups.module.eks.module.kms.aws_kms_replica_key.this",
            "module.eks_managed_node_groups.module.eks.module.kms.data.aws_caller_identity.current",
            "module.eks_managed_node_groups.module.eks.module.kms.data.aws_iam_policy_document.this",
            "module.eks_managed_node_groups.module.eks.module.kms.data.aws_partition.current"
          ]
        }
      ]
    },
    {
      "module": "module.eks_managed_node_groups.module.eks",
      "mode": "managed",
      "type": "aws_iam_role_policy_attachment",
      "name": "this",
      "provider": "provider[\"registry.terraform.io/hashicorp/aws\"]",
      "instances": [
        {
          "index_key": "AmazonEKSClusterPolicy",
          "schema_version": 0,
          "attributes": {
            "id": "mi-cluster-jvs-cluster-20250128190915157300000003-20250128190916890900000009",
            "policy_arn": "arn:aws:iam::aws:policy/AmazonEKSClusterPolicy",
            "role": "mi-cluster-jvs-cluster-20250128190915157300000003"
          },
          "sensitive_attributes": [],
          "private": "bnVsbA==",
          "dependencies": [
            "module.eks_managed_node_groups.module.eks.aws_iam_role.this",
            "module.eks_managed_node_groups.module.eks.data.aws_iam_policy_document.assume_role_policy",
            "module.eks_managed_node_groups.module.eks.data.aws_partition.current"
          ],
          "create_before_destroy": true
        },
        {
          "index_key": "AmazonEKSVPCResourceController",
          "schema_version": 0,
          "attributes": {
            "id": "mi-cluster-jvs-cluster-20250128190915157300000003-20250128190916835100000008",
            "policy_arn": "arn:aws:iam::aws:policy/AmazonEKSVPCResourceController",
            "role": "mi-cluster-jvs-cluster-20250128190915157300000003"
          },
          "sensitive_attributes": [],
          "private": "bnVsbA==",
          "dependencies": [
            "module.eks_managed_node_groups.module.eks.aws_iam_role.this",
            "module.eks_managed_node_groups.module.eks.data.aws_iam_policy_document.assume_role_policy",
            "module.eks_managed_node_groups.module.eks.data.aws_partition.current"
          ],
          "create_before_destroy": true
        }
      ]
    },
    {
      "module": "module.eks_managed_node_groups.module.eks",
      "mode": "managed",
      "type": "aws_security_group",
      "name": "cluster",
      "provider": "provider[\"registry.terraform.io/hashicorp/aws\"]",
      "instances": [
        {
          "index_key": 0,
          "schema_version": 1,
          "attributes": {
            "arn": "arn:aws:ec2:eu-west-3:248189943700:security-group/sg-012ed871de516a74e",
            "description": "EKS cluster security group",
            "egress": [],
            "id": "sg-012ed871de516a74e",
            "ingress": [
              {
                "cidr_blocks": [],
                "description": "Node groups to cluster API",
                "from_port": 443,
                "ipv6_cidr_blocks": [],
                "prefix_list_ids": [],
                "protocol": "tcp",
                "security_groups": [
                  "sg-0b58936e68753de0e"
                ],
                "self": false,
                "to_port": 443
              }
            ],
            "name": "mi-cluster-jvs-cluster-20250128190915158600000004",
            "name_prefix": "mi-cluster-jvs-cluster-",
            "owner_id": "248189943700",
            "revoke_rules_on_delete": false,
            "tags": {
              "Name": "mi-cluster-jvs-cluster"
            },
            "tags_all": {
              "Name": "mi-cluster-jvs-cluster"
            },
            "timeouts": null,
            "vpc_id": "vpc-002427d5be38383d7"
          },
          "sensitive_attributes": [],
          "private": "eyJlMmJmYjczMC1lY2FhLTExZTYtOGY4OC0zNDM2M2JjN2M0YzAiOnsiY3JlYXRlIjo2MDAwMDAwMDAwMDAsImRlbGV0ZSI6OTAwMDAwMDAwMDAwfSwic2NoZW1hX3ZlcnNpb24iOiIxIn0=",
          "create_before_destroy": true
        }
      ]
    },
    {
      "module": "module.eks_managed_node_groups.module.eks",
      "mode": "managed",
      "type": "aws_security_group",
      "name": "node",
      "provider": "provider[\"registry.terraform.io/hashicorp/aws\"]",
      "instances": [
        {
          "index_key": 0,
          "schema_version": 1,
          "attributes": {
            "arn": "arn:aws:ec2:eu-west-3:248189943700:security-group/sg-0b58936e68753de0e",
            "description": "EKS node shared security group",
            "egress": [
              {
                "cidr_blocks": [
                  "0.0.0.0/0"
                ],
                "description": "Allow all egress",
                "from_port": 0,
                "ipv6_cidr_blocks": [],
                "prefix_list_ids": [],
                "protocol": "-1",
                "security_groups": [],
                "self": false,
                "to_port": 0
              }
            ],
            "id": "sg-0b58936e68753de0e",
            "ingress": [
              {
                "cidr_blocks": [],
                "description": "Cluster API to node 4443/tcp webhook",
                "from_port": 4443,
                "ipv6_cidr_blocks": [],
                "prefix_list_ids": [],
                "protocol": "tcp",
                "security_groups": [
                  "sg-012ed871de516a74e"
                ],
                "self": false,
                "to_port": 4443
              },
              {
                "cidr_blocks": [],
                "description": "Cluster API to node 6443/tcp webhook",
                "from_port": 6443,
                "ipv6_cidr_blocks": [],
                "prefix_list_ids": [],
                "protocol": "tcp",
                "security_groups": [
                  "sg-012ed871de516a74e"
                ],
                "self": false,
                "to_port": 6443
              },
              {
                "cidr_blocks": [],
                "description": "Cluster API to node 8443/tcp webhook",
                "from_port": 8443,
                "ipv6_cidr_blocks": [],
                "prefix_list_ids": [],
                "protocol": "tcp",
                "security_groups": [
                  "sg-012ed871de516a74e"
                ],
                "self": false,
                "to_port": 8443
              },
              {
                "cidr_blocks": [],
                "description": "Cluster API to node 9443/tcp webhook",
                "from_port": 9443,
                "ipv6_cidr_blocks": [],
                "prefix_list_ids": [],
                "protocol": "tcp",
                "security_groups": [
                  "sg-012ed871de516a74e"
                ],
                "self": false,
                "to_port": 9443
              },
              {
                "cidr_blocks": [],
                "description": "Cluster API to node groups",
                "from_port": 443,
                "ipv6_cidr_blocks": [],
                "prefix_list_ids": [],
                "protocol": "tcp",
                "security_groups": [
                  "sg-012ed871de516a74e"
                ],
                "self": false,
                "to_port": 443
              },
              {
                "cidr_blocks": [],
                "description": "Cluster API to node kubelets",
                "from_port": 10250,
                "ipv6_cidr_blocks": [],
                "prefix_list_ids": [],
                "protocol": "tcp",
                "security_groups": [
                  "sg-012ed871de516a74e"
                ],
                "self": false,
                "to_port": 10250
              },
              {
                "cidr_blocks": [],
                "description": "Node to node CoreDNS UDP",
                "from_port": 53,
                "ipv6_cidr_blocks": [],
                "prefix_list_ids": [],
                "protocol": "udp",
                "security_groups": [],
                "self": true,
                "to_port": 53
              },
              {
                "cidr_blocks": [],
                "description": "Node to node CoreDNS",
                "from_port": 53,
                "ipv6_cidr_blocks": [],
                "prefix_list_ids": [],
                "protocol": "tcp",
                "security_groups": [],
                "self": true,
                "to_port": 53
              },
              {
                "cidr_blocks": [],
                "description": "Node to node ingress on ephemeral ports",
                "from_port": 1025,
                "ipv6_cidr_blocks": [],
                "prefix_list_ids": [],
                "protocol": "tcp",
                "security_groups": [],
                "self": true,
                "to_port": 65535
              }
            ],
            "name": "mi-cluster-jvs-node-20250128190915157300000002",
            "name_prefix": "mi-cluster-jvs-node-",
            "owner_id": "248189943700",
            "revoke_rules_on_delete": false,
            "tags": {
              "Name": "mi-cluster-jvs-node",
              "kubernetes.io/cluster/mi-cluster-jvs": "owned"
            },
            "tags_all": {
              "Name": "mi-cluster-jvs-node",
              "kubernetes.io/cluster/mi-cluster-jvs": "owned"
            },
            "timeouts": null,
            "vpc_id": "vpc-002427d5be38383d7"
          },
          "sensitive_attributes": [],
          "private": "eyJlMmJmYjczMC1lY2FhLTExZTYtOGY4OC0zNDM2M2JjN2M0YzAiOnsiY3JlYXRlIjo2MDAwMDAwMDAwMDAsImRlbGV0ZSI6OTAwMDAwMDAwMDAwfSwic2NoZW1hX3ZlcnNpb24iOiIxIn0=",
          "create_before_destroy": true
        }
      ]
    },
    {
      "module": "module.eks_managed_node_groups.module.eks",
      "mode": "managed",
      "type": "aws_security_group_rule",
      "name": "cluster",
      "provider": "provider[\"registry.terraform.io/hashicorp/aws\"]",
      "instances": [
        {
          "index_key": "ingress_nodes_443",
          "schema_version": 2,
          "attributes": {
            "cidr_blocks": null,
            "description": "Node groups to cluster API",
            "from_port": 443,
            "id": "sgrule-2937836492",
            "ipv6_cidr_blocks": null,
            "prefix_list_ids": null,
            "protocol": "tcp",
            "security_group_id": "sg-012ed871de516a74e",
            "security_group_rule_id": "sgr-06c9f1984cdcc3783",
            "self": false,
            "source_security_group_id": "sg-0b58936e68753de0e",
            "timeouts": null,
            "to_port": 443,
            "type": "ingress"
          },
          "sensitive_attributes": [],
          "private": "eyJlMmJmYjczMC1lY2FhLTExZTYtOGY4OC0zNDM2M2JjN2M0YzAiOnsiY3JlYXRlIjozMDAwMDAwMDAwMDB9LCJzY2hlbWFfdmVyc2lvbiI6IjIifQ==",
          "dependencies": [
            "module.eks_managed_node_groups.module.eks.aws_security_group.cluster",
            "module.eks_managed_node_groups.module.eks.aws_security_group.node"
          ],
          "create_before_destroy": true
        }
      ]
    },
    {
      "module": "module.eks_managed_node_groups.module.eks",
      "mode": "managed",
      "type": "aws_security_group_rule",
      "name": "node",
      "provider": "provider[\"registry.terraform.io/hashicorp/aws\"]",
      "instances": [
        {
          "index_key": "egress_all",
          "schema_version": 2,
          "attributes": {
            "cidr_blocks": [
              "0.0.0.0/0"
            ],
            "description": "Allow all egress",
            "from_port": 0,
            "id": "sgrule-2725693499",
            "ipv6_cidr_blocks": null,
            "prefix_list_ids": [],
            "protocol": "-1",
            "security_group_id": "sg-0b58936e68753de0e",
            "security_group_rule_id": "sgr-0daf33d2a2e31cf1f",
            "self": false,
            "source_security_group_id": null,
            "timeouts": null,
            "to_port": 0,
            "type": "egress"
          },
          "sensitive_attributes": [],
          "private": "eyJlMmJmYjczMC1lY2FhLTExZTYtOGY4OC0zNDM2M2JjN2M0YzAiOnsiY3JlYXRlIjozMDAwMDAwMDAwMDB9LCJzY2hlbWFfdmVyc2lvbiI6IjIifQ==",
          "dependencies": [
            "module.eks_managed_node_groups.module.eks.aws_security_group.cluster",
            "module.eks_managed_node_groups.module.eks.aws_security_group.node"
          ],
          "create_before_destroy": true
        },
        {
          "index_key": "ingress_cluster_443",
          "schema_version": 2,
          "attributes": {
            "cidr_blocks": null,
            "description": "Cluster API to node groups",
            "from_port": 443,
            "id": "sgrule-491259643",
            "ipv6_cidr_blocks": null,
            "prefix_list_ids": [],
            "protocol": "tcp",
            "security_group_id": "sg-0b58936e68753de0e",
            "security_group_rule_id": "sgr-080c98b2e24414723",
            "self": false,
            "source_security_group_id": "sg-012ed871de516a74e",
            "timeouts": null,
            "to_port": 443,
            "type": "ingress"
          },
          "sensitive_attributes": [],
          "private": "eyJlMmJmYjczMC1lY2FhLTExZTYtOGY4OC0zNDM2M2JjN2M0YzAiOnsiY3JlYXRlIjozMDAwMDAwMDAwMDB9LCJzY2hlbWFfdmVyc2lvbiI6IjIifQ==",
          "dependencies": [
            "module.eks_managed_node_groups.module.eks.aws_security_group.cluster",
            "module.eks_managed_node_groups.module.eks.aws_security_group.node"
          ],
          "create_before_destroy": true
        },
        {
          "index_key": "ingress_cluster_4443_webhook",
          "schema_version": 2,
          "attributes": {
            "cidr_blocks": null,
            "description": "Cluster API to node 4443/tcp webhook",
            "from_port": 4443,
            "id": "sgrule-1267895952",
            "ipv6_cidr_blocks": null,
            "prefix_list_ids": [],
            "protocol": "tcp",
            "security_group_id": "sg-0b58936e68753de0e",
            "security_group_rule_id": "sgr-03c44989b3dd5d0fc",
            "self": false,
            "source_security_group_id": "sg-012ed871de516a74e",
            "timeouts": null,
            "to_port": 4443,
            "type": "ingress"
          },
          "sensitive_attributes": [],
          "private": "eyJlMmJmYjczMC1lY2FhLTExZTYtOGY4OC0zNDM2M2JjN2M0YzAiOnsiY3JlYXRlIjozMDAwMDAwMDAwMDB9LCJzY2hlbWFfdmVyc2lvbiI6IjIifQ==",
          "dependencies": [
            "module.eks_managed_node_groups.module.eks.aws_security_group.cluster",
            "module.eks_managed_node_groups.module.eks.aws_security_group.node"
          ],
          "create_before_destroy": true
        },
        {
          "index_key": "ingress_cluster_6443_webhook",
          "schema_version": 2,
          "attributes": {
            "cidr_blocks": null,
            "description": "Cluster API to node 6443/tcp webhook",
            "from_port": 6443,
            "id": "sgrule-2194729222",
            "ipv6_cidr_blocks": null,
            "prefix_list_ids": [],
            "protocol": "tcp",
            "security_group_id": "sg-0b58936e68753de0e",
            "security_group_rule_id": "sgr-0e4338eeeb3707ad6",
            "self": false,
            "source_security_group_id": "sg-012ed871de516a74e",
            "timeouts": null,
            "to_port": 6443,
            "type": "ingress"
          },
          "sensitive_attributes": [],
          "private": "eyJlMmJmYjczMC1lY2FhLTExZTYtOGY4OC0zNDM2M2JjN2M0YzAiOnsiY3JlYXRlIjozMDAwMDAwMDAwMDB9LCJzY2hlbWFfdmVyc2lvbiI6IjIifQ==",
          "dependencies": [
            "module.eks_managed_node_groups.module.eks.aws_security_group.cluster",
            "module.eks_managed_node_groups.module.eks.aws_security_group.node"
          ],
          "create_before_destroy": true
        },
        {
          "index_key": "ingress_cluster_8443_webhook",
          "schema_version": 2,
          "attributes": {
            "cidr_blocks": null,
            "description": "Cluster API to node 8443/tcp webhook",
            "from_port": 8443,
            "id": "sgrule-2441925927",
            "ipv6_cidr_blocks": null,
            "prefix_list_ids": [],
            "protocol": "tcp",
            "security_group_id": "sg-0b58936e68753de0e",
            "security_group_rule_id": "sgr-0157a055af79dffac",
            "self": false,
            "source_security_group_id": "sg-012ed871de516a74e",
            "timeouts": null,
            "to_port": 8443,
            "type": "ingress"
          },
          "sensitive_attributes": [],
          "private": "eyJlMmJmYjczMC1lY2FhLTExZTYtOGY4OC0zNDM2M2JjN2M0YzAiOnsiY3JlYXRlIjozMDAwMDAwMDAwMDB9LCJzY2hlbWFfdmVyc2lvbiI6IjIifQ==",
          "dependencies": [
            "module.eks_managed_node_groups.module.eks.aws_security_group.cluster",
            "module.eks_managed_node_groups.module.eks.aws_security_group.node"
          ],
          "create_before_destroy": true
        },
        {
          "index_key": "ingress_cluster_9443_webhook",
          "schema_version": 2,
          "attributes": {
            "cidr_blocks": null,
            "description": "Cluster API to node 9443/tcp webhook",
            "from_port": 9443,
            "id": "sgrule-4113426156",
            "ipv6_cidr_blocks": null,
            "prefix_list_ids": [],
            "protocol": "tcp",
            "security_group_id": "sg-0b58936e68753de0e",
            "security_group_rule_id": "sgr-0ec8de0e528f55ae8",
            "self": false,
            "source_security_group_id": "sg-012ed871de516a74e",
            "timeouts": null,
            "to_port": 9443,
            "type": "ingress"
          },
          "sensitive_attributes": [],
          "private": "eyJlMmJmYjczMC1lY2FhLTExZTYtOGY4OC0zNDM2M2JjN2M0YzAiOnsiY3JlYXRlIjozMDAwMDAwMDAwMDB9LCJzY2hlbWFfdmVyc2lvbiI6IjIifQ==",
          "dependencies": [
            "module.eks_managed_node_groups.module.eks.aws_security_group.cluster",
            "module.eks_managed_node_groups.module.eks.aws_security_group.node"
          ],
          "create_before_destroy": true
        },
        {
          "index_key": "ingress_cluster_kubelet",
          "schema_version": 2,
          "attributes": {
            "cidr_blocks": null,
            "description": "Cluster API to node kubelets",
            "from_port": 10250,
            "id": "sgrule-2510206650",
            "ipv6_cidr_blocks": null,
            "prefix_list_ids": [],
            "protocol": "tcp",
            "security_group_id": "sg-0b58936e68753de0e",
            "security_group_rule_id": "sgr-0e418ccfa6976de63",
            "self": false,
            "source_security_group_id": "sg-012ed871de516a74e",
            "timeouts": null,
            "to_port": 10250,
            "type": "ingress"
          },
          "sensitive_attributes": [],
          "private": "eyJlMmJmYjczMC1lY2FhLTExZTYtOGY4OC0zNDM2M2JjN2M0YzAiOnsiY3JlYXRlIjozMDAwMDAwMDAwMDB9LCJzY2hlbWFfdmVyc2lvbiI6IjIifQ==",
          "dependencies": [
            "module.eks_managed_node_groups.module.eks.aws_security_group.cluster",
            "module.eks_managed_node_groups.module.eks.aws_security_group.node"
          ],
          "create_before_destroy": true
        },
        {
          "index_key": "ingress_nodes_ephemeral",
          "schema_version": 2,
          "attributes": {
            "cidr_blocks": null,
            "description": "Node to node ingress on ephemeral ports",
            "from_port": 1025,
            "id": "sgrule-3782034237",
            "ipv6_cidr_blocks": null,
            "prefix_list_ids": [],
            "protocol": "tcp",
            "security_group_id": "sg-0b58936e68753de0e",
            "security_group_rule_id": "sgr-094a35967af67223b",
            "self": true,
            "source_security_group_id": null,
            "timeouts": null,
            "to_port": 65535,
            "type": "ingress"
          },
          "sensitive_attributes": [],
          "private": "eyJlMmJmYjczMC1lY2FhLTExZTYtOGY4OC0zNDM2M2JjN2M0YzAiOnsiY3JlYXRlIjozMDAwMDAwMDAwMDB9LCJzY2hlbWFfdmVyc2lvbiI6IjIifQ==",
          "dependencies": [
            "module.eks_managed_node_groups.module.eks.aws_security_group.cluster",
            "module.eks_managed_node_groups.module.eks.aws_security_group.node"
          ],
          "create_before_destroy": true
        },
        {
          "index_key": "ingress_self_coredns_tcp",
          "schema_version": 2,
          "attributes": {
            "cidr_blocks": null,
            "description": "Node to node CoreDNS",
            "from_port": 53,
            "id": "sgrule-2268117859",
            "ipv6_cidr_blocks": null,
            "prefix_list_ids": [],
            "protocol": "tcp",
            "security_group_id": "sg-0b58936e68753de0e",
            "security_group_rule_id": "sgr-0bdff46376ac2076b",
            "self": true,
            "source_security_group_id": null,
            "timeouts": null,
            "to_port": 53,
            "type": "ingress"
          },
          "sensitive_attributes": [],
          "private": "eyJlMmJmYjczMC1lY2FhLTExZTYtOGY4OC0zNDM2M2JjN2M0YzAiOnsiY3JlYXRlIjozMDAwMDAwMDAwMDB9LCJzY2hlbWFfdmVyc2lvbiI6IjIifQ==",
          "dependencies": [
            "module.eks_managed_node_groups.module.eks.aws_security_group.cluster",
            "module.eks_managed_node_groups.module.eks.aws_security_group.node"
          ],
          "create_before_destroy": true
        },
        {
          "index_key": "ingress_self_coredns_udp",
          "schema_version": 2,
          "attributes": {
            "cidr_blocks": null,
            "description": "Node to node CoreDNS UDP",
            "from_port": 53,
            "id": "sgrule-594483340",
            "ipv6_cidr_blocks": null,
            "prefix_list_ids": [],
            "protocol": "udp",
            "security_group_id": "sg-0b58936e68753de0e",
            "security_group_rule_id": "sgr-01635f148b4dcf2cf",
            "self": true,
            "source_security_group_id": null,
            "timeouts": null,
            "to_port": 53,
            "type": "ingress"
          },
          "sensitive_attributes": [],
          "private": "eyJlMmJmYjczMC1lY2FhLTExZTYtOGY4OC0zNDM2M2JjN2M0YzAiOnsiY3JlYXRlIjozMDAwMDAwMDAwMDB9LCJzY2hlbWFfdmVyc2lvbiI6IjIifQ==",
          "dependencies": [
            "module.eks_managed_node_groups.module.eks.aws_security_group.cluster",
            "module.eks_managed_node_groups.module.eks.aws_security_group.node"
          ],
          "create_before_destroy": true
        }
      ]
    },
    {
      "module": "module.eks_managed_node_groups.module.eks",
      "mode": "managed",
      "type": "time_sleep",
      "name": "this",
      "provider": "provider[\"registry.terraform.io/hashicorp/time\"]",
      "instances": [
        {
          "index_key": 0,
          "schema_version": 0,
          "attributes": {
            "create_duration": "30s",
            "destroy_duration": null,
            "id": "2025-01-28T19:17:47Z",
            "triggers": {
              "cluster_certificate_authority_data": "LS0tLS1CRUdJTiBDRVJUSUZJQ0FURS0tLS0tCk1JSURCVENDQWUyZ0F3SUJBZ0lJQmFJclZwdTFMeUV3RFFZSktvWklodmNOQVFFTEJRQXdGVEVUTUJFR0ExVUUKQXhNS2EzVmlaWEp1WlhSbGN6QWVGdzB5TlRBeE1qZ3hPVEE0TVRKYUZ3MHpOVEF4TWpZeE9URXpNVEphTUJVeApFekFSQmdOVkJBTVRDbXQxWW1WeWJtVjBaWE13Z2dFaU1BMEdDU3FHU0liM0RRRUJBUVVBQTRJQkR3QXdnZ0VLCkFvSUJBUUQxWlplMndSbzl5VkdWRXFIUGlJVWh5YXhUdUh3eE9VQlBBeEgzTXRRWVhvVkIwVzhDeU5KU1I4TTkKMUtYSWRmTFZOMW1od1J6ekQvZE5OZlJrWmJkN1ErOURQa2hDRFM0Q0JjSzlFTUdXdmZYbTNKMEk1Z25WVHRjVQpSakZDMEhLT003aVlSNlBxdlZCWFdhcDRheXZvdm9RNXA3dTZMeVF1dFZnWFBnOGloVy92b0xBSGYzcCs1T2RFCndBcllzS2JYMEd4cHhiSE5RNmFmWWlHMHlwQzZReEhqcCtTT292K0xHRXFKR1FNb0VyRmQyUXgzZktHWUFRdHUKNTlFRDZPS0V1bEI2RVBUOXVSWitKdU5QbjN4WndqNEY4dUxNQ2t4UFRXMGNJWUQvUzZjeFB2ZGJxRkFwUFBlVQpzaUR3U2padUcxZWJUTWZtZFRBWW9lNHBBZ2NyQWdNQkFBR2pXVEJYTUE0R0ExVWREd0VCL3dRRUF3SUNwREFQCkJnTlZIUk1CQWY4RUJUQURBUUgvTUIwR0ExVWREZ1FXQkJRMllvYkVjWnM3RjI4T2JJL1lndXMvZmliT05qQVYKQmdOVkhSRUVEakFNZ2dwcmRXSmxjbTVsZEdWek1BMEdDU3FHU0liM0RRRUJDd1VBQTRJQkFRQzZDWUlGMnN5QQpnZlZHVDlRVWpJZzk1Z1ZQcThGREhXSGhqK3FETDFWYUVHWFZVZ255N3ZNSW1hVVliSWllU3FoZ1JUS2JFZ05sCkRMM0grWnlGS2Q0U3U0SVNDbE9KVUtWME9HaXFhbmcvR3BxaUhZaUVaUlNJaTk4ZGRkdnlWVVNhYkhZWnZqTCsKUVR2TjFwTUVMSlBJK3ZmSzYyOTkwc0JhWWFRSC9aVTlKZkk0SmNmekVPbXI5NXVTdTM1VDBNQ1pwWU45d1ljSApwRy8rR3VNUFhtT0JOUWZUbFQ1aVJWSTNCelZXQlBqbTJGdW9LdDBwVW5zMk93aWJEVXc1V2grTGFBMmtPbUh6ClpZdFN0M0hKcTB6eXEvYnhLeThLcjNwb3liVXdha011dEwzKzQvN1g2U2VrQ3ExODRTcG02SGI4a1Ezc1Yxc08KQ1BZUjB1Tk0xSFhWCi0tLS0tRU5EIENFUlRJRklDQVRFLS0tLS0K",
              "cluster_endpoint": "https://7D40248E8D3A329F9E0CDE69C32492AA.gr7.eu-west-3.eks.amazonaws.com",
              "cluster_name": "mi-cluster-jvs",
              "cluster_version": "1.32"
            }
          },
          "sensitive_attributes": [],
          "dependencies": [
            "module.eks_managed_node_groups.module.eks.aws_cloudwatch_log_group.this",
            "module.eks_managed_node_groups.module.eks.aws_eks_cluster.this",
            "module.eks_managed_node_groups.module.eks.aws_iam_policy.cni_ipv6_policy",
            "module.eks_managed_node_groups.module.eks.aws_iam_role.this",
            "module.eks_managed_node_groups.module.eks.aws_iam_role_policy_attachment.this",
            "module.eks_managed_node_groups.module.eks.aws_security_group.cluster",
            "module.eks_managed_node_groups.module.eks.aws_security_group.node",
            "module.eks_managed_node_groups.module.eks.aws_security_group_rule.cluster",
            "module.eks_managed_node_groups.module.eks.aws_security_group_rule.node",
            "module.eks_managed_node_groups.module.eks.data.aws_caller_identity.current",
            "module.eks_managed_node_groups.module.eks.data.aws_iam_policy_document.assume_role_policy",
            "module.eks_managed_node_groups.module.eks.data.aws_iam_policy_document.cni_ipv6_policy",
            "module.eks_managed_node_groups.module.eks.data.aws_iam_session_context.current",
            "module.eks_managed_node_groups.module.eks.data.aws_partition.current",
            "module.eks_managed_node_groups.module.eks.module.kms.aws_kms_external_key.this",
            "module.eks_managed_node_groups.module.eks.module.kms.aws_kms_key.this",
            "module.eks_managed_node_groups.module.eks.module.kms.aws_kms_replica_external_key.this",
            "module.eks_managed_node_groups.module.eks.module.kms.aws_kms_replica_key.this",
            "module.eks_managed_node_groups.module.eks.module.kms.data.aws_caller_identity.current",
            "module.eks_managed_node_groups.module.eks.module.kms.data.aws_iam_policy_document.this",
            "module.eks_managed_node_groups.module.eks.module.kms.data.aws_partition.current"
          ],
          "create_before_destroy": true
        }
      ]
    },
    {
      "module": "module.eks_managed_node_groups.module.eks.module.eks_managed_node_group[\"mi-nodo-grupo\"]",
      "mode": "data",
      "type": "aws_caller_identity",
      "name": "current",
      "provider": "provider[\"registry.terraform.io/hashicorp/aws\"]",
      "instances": [
        {
          "schema_version": 0,
          "attributes": {
            "account_id": "248189943700",
            "arn": "arn:aws:sts::248189943700:assumed-role/AWSReservedSSO_EKS-alumnos_a4561514b13725b0/jorge.vidal@campusdual.com",
            "id": "248189943700",
            "user_id": "AROATTSKF76KH2IZ3VL6L:jorge.vidal@campusdual.com"
          },
          "sensitive_attributes": []
        }
      ]
    },
    {
      "module": "module.eks_managed_node_groups.module.eks.module.eks_managed_node_group[\"mi-nodo-grupo\"]",
      "mode": "data",
      "type": "aws_iam_policy_document",
      "name": "assume_role_policy",
      "provider": "provider[\"registry.terraform.io/hashicorp/aws\"]",
      "instances": [
        {
          "index_key": 0,
          "schema_version": 0,
          "attributes": {
            "id": "2560088296",
            "json": "{\n  \"Version\": \"2012-10-17\",\n  \"Statement\": [\n    {\n      \"Sid\": \"EKSNodeAssumeRole\",\n      \"Effect\": \"Allow\",\n      \"Action\": \"sts:AssumeRole\",\n      \"Principal\": {\n        \"Service\": \"ec2.amazonaws.com\"\n      }\n    }\n  ]\n}",
            "minified_json": "{\"Version\":\"2012-10-17\",\"Statement\":[{\"Sid\":\"EKSNodeAssumeRole\",\"Effect\":\"Allow\",\"Action\":\"sts:AssumeRole\",\"Principal\":{\"Service\":\"ec2.amazonaws.com\"}}]}",
            "override_json": null,
            "override_policy_documents": null,
            "policy_id": null,
            "source_json": null,
            "source_policy_documents": null,
            "statement": [
              {
                "actions": [
                  "sts:AssumeRole"
                ],
                "condition": [],
                "effect": "Allow",
                "not_actions": [],
                "not_principals": [],
                "not_resources": [],
                "principals": [
                  {
                    "identifiers": [
                      "ec2.amazonaws.com"
                    ],
                    "type": "Service"
                  }
                ],
                "resources": [],
                "sid": "EKSNodeAssumeRole"
              }
            ],
            "version": "2012-10-17"
          },
          "sensitive_attributes": []
        }
      ]
    },
    {
      "module": "module.eks_managed_node_groups.module.eks.module.eks_managed_node_group[\"mi-nodo-grupo\"]",
      "mode": "data",
      "type": "aws_partition",
      "name": "current",
      "provider": "provider[\"registry.terraform.io/hashicorp/aws\"]",
      "instances": [
        {
          "schema_version": 0,
          "attributes": {
            "dns_suffix": "amazonaws.com",
            "id": "aws",
            "partition": "aws",
            "reverse_dns_prefix": "com.amazonaws"
          },
          "sensitive_attributes": []
        }
      ]
    },
    {
      "module": "module.eks_managed_node_groups.module.eks.module.eks_managed_node_group[\"mi-nodo-grupo\"]",
      "mode": "managed",
      "type": "aws_eks_node_group",
      "name": "this",
      "provider": "provider[\"registry.terraform.io/hashicorp/aws\"]",
      "instances": [
        {
          "index_key": 0,
          "schema_version": 0,
          "attributes": {
            "ami_type": "AL2023_x86_64_STANDARD",
            "arn": "arn:aws:eks:eu-west-3:248189943700:nodegroup/mi-cluster-jvs/mi-nodo-grupo-2025012819175292610000000e/feca572c-a171-8031-165b-ae3b4a634824",
            "capacity_type": "ON_DEMAND",
            "cluster_name": "mi-cluster-jvs",
            "disk_size": 0,
            "force_update_version": null,
            "id": "mi-cluster-jvs:mi-nodo-grupo-2025012819175292610000000e",
            "instance_types": [
              "t3.small"
            ],
            "labels": {},
            "launch_template": [
              {
                "id": "lt-07fdc0e8097bf6a42",
                "name": "mi-nodo-grupo-2025012819174705360000000c",
                "version": "1"
              }
            ],
            "node_group_name": "mi-nodo-grupo-2025012819175292610000000e",
            "node_group_name_prefix": "mi-nodo-grupo-",
            "node_repair_config": [],
            "node_role_arn": "arn:aws:iam::248189943700:role/mi-nodo-grupo-eks-node-group-20250128190915157200000001",
            "release_version": "1.32.0-20250116",
            "remote_access": [],
            "resources": [
              {
                "autoscaling_groups": [
                  {
                    "name": "eks-mi-nodo-grupo-2025012819175292610000000e-feca572c-a171-8031-165b-ae3b4a634824"
                  }
                ],
                "remote_access_security_group_id": ""
              }
            ],
            "scaling_config": [
              {
                "desired_size": 2,
                "max_size": 3,
                "min_size": 1
              }
            ],
            "status": "ACTIVE",
            "subnet_ids": [
              "subnet-01aa073f6dedf4aae",
              "subnet-0ba9c83b2abfca63b",
              "subnet-0c74de2d5b377a9e7"
            ],
            "tags": {
              "Name": "mi-nodo-grupo"
            },
            "tags_all": {
              "Name": "mi-nodo-grupo"
            },
            "taint": [],
            "timeouts": {
              "create": null,
              "delete": null,
              "update": null
            },
            "update_config": [
              {
                "max_unavailable": 0,
                "max_unavailable_percentage": 33
              }
            ],
            "version": "1.32"
          },
          "sensitive_attributes": [],
          "private": "eyJlMmJmYjczMC1lY2FhLTExZTYtOGY4OC0zNDM2M2JjN2M0YzAiOnsiY3JlYXRlIjozNjAwMDAwMDAwMDAwLCJkZWxldGUiOjM2MDAwMDAwMDAwMDAsInVwZGF0ZSI6MzYwMDAwMDAwMDAwMH19",
          "dependencies": [
            "module.eks_managed_node_groups.module.eks.aws_cloudwatch_log_group.this",
            "module.eks_managed_node_groups.module.eks.aws_eks_cluster.this",
            "module.eks_managed_node_groups.module.eks.aws_iam_policy.cni_ipv6_policy",
            "module.eks_managed_node_groups.module.eks.aws_iam_role.this",
            "module.eks_managed_node_groups.module.eks.aws_iam_role_policy_attachment.this",
            "module.eks_managed_node_groups.module.eks.aws_security_group.cluster",
            "module.eks_managed_node_groups.module.eks.aws_security_group.node",
            "module.eks_managed_node_groups.module.eks.aws_security_group_rule.cluster",
            "module.eks_managed_node_groups.module.eks.aws_security_group_rule.node",
            "module.eks_managed_node_groups.module.eks.data.aws_caller_identity.current",
            "module.eks_managed_node_groups.module.eks.data.aws_iam_policy_document.assume_role_policy",
            "module.eks_managed_node_groups.module.eks.data.aws_iam_policy_document.cni_ipv6_policy",
            "module.eks_managed_node_groups.module.eks.data.aws_iam_session_context.current",
            "module.eks_managed_node_groups.module.eks.data.aws_partition.current",
            "module.eks_managed_node_groups.module.eks.module.eks_managed_node_group.aws_iam_role.this",
            "module.eks_managed_node_groups.module.eks.module.eks_managed_node_group.aws_iam_role_policy_attachment.this",
            "module.eks_managed_node_groups.module.eks.module.eks_managed_node_group.aws_launch_template.this",
            "module.eks_managed_node_groups.module.eks.module.eks_managed_node_group.data.aws_caller_identity.current",
            "module.eks_managed_node_groups.module.eks.module.eks_managed_node_group.data.aws_iam_policy_document.assume_role_policy",
            "module.eks_managed_node_groups.module.eks.module.eks_managed_node_group.data.aws_partition.current",
            "module.eks_managed_node_groups.module.eks.module.eks_managed_node_group.module.user_data.data.cloudinit_config.linux_eks_managed_node_group",
            "module.eks_managed_node_groups.module.eks.module.kms.aws_kms_external_key.this",
            "module.eks_managed_node_groups.module.eks.module.kms.aws_kms_key.this",
            "module.eks_managed_node_groups.module.eks.module.kms.aws_kms_replica_external_key.this",
            "module.eks_managed_node_groups.module.eks.module.kms.aws_kms_replica_key.this",
            "module.eks_managed_node_groups.module.eks.module.kms.data.aws_caller_identity.current",
            "module.eks_managed_node_groups.module.eks.module.kms.data.aws_iam_policy_document.this",
            "module.eks_managed_node_groups.module.eks.module.kms.data.aws_partition.current",
            "module.eks_managed_node_groups.module.eks.time_sleep.this"
          ],
          "create_before_destroy": true
        }
      ]
    },
    {
      "module": "module.eks_managed_node_groups.module.eks.module.eks_managed_node_group[\"mi-nodo-grupo\"]",
      "mode": "managed",
      "type": "aws_iam_role",
      "name": "this",
      "provider": "provider[\"registry.terraform.io/hashicorp/aws\"]",
      "instances": [
        {
          "index_key": 0,
          "schema_version": 0,
          "attributes": {
            "arn": "arn:aws:iam::248189943700:role/mi-nodo-grupo-eks-node-group-20250128190915157200000001",
            "assume_role_policy": "{\"Statement\":[{\"Action\":\"sts:AssumeRole\",\"Effect\":\"Allow\",\"Principal\":{\"Service\":\"ec2.amazonaws.com\"},\"Sid\":\"EKSNodeAssumeRole\"}],\"Version\":\"2012-10-17\"}",
            "create_date": "2025-01-28T19:09:15Z",
            "description": "EKS managed node group IAM role",
            "force_detach_policies": true,
            "id": "mi-nodo-grupo-eks-node-group-20250128190915157200000001",
            "inline_policy": [],
            "managed_policy_arns": [
              "arn:aws:iam::aws:policy/AmazonEC2ContainerRegistryReadOnly",
              "arn:aws:iam::aws:policy/AmazonEKSWorkerNodePolicy",
              "arn:aws:iam::aws:policy/AmazonEKS_CNI_Policy"
            ],
            "max_session_duration": 3600,
            "name": "mi-nodo-grupo-eks-node-group-20250128190915157200000001",
            "name_prefix": "mi-nodo-grupo-eks-node-group-",
            "path": "/",
            "permissions_boundary": "",
            "tags": {},
            "tags_all": {},
            "unique_id": "AROATTSKF76KGFEFS6QO7"
          },
          "sensitive_attributes": [],
          "private": "bnVsbA==",
          "dependencies": [
            "module.eks_managed_node_groups.module.eks.module.eks_managed_node_group.data.aws_iam_policy_document.assume_role_policy",
            "module.eks_managed_node_groups.module.eks.module.eks_managed_node_group.data.aws_partition.current"
          ],
          "create_before_destroy": true
        }
      ]
    },
    {
      "module": "module.eks_managed_node_groups.module.eks.module.eks_managed_node_group[\"mi-nodo-grupo\"]",
      "mode": "managed",
      "type": "aws_iam_role_policy_attachment",
      "name": "this",
      "provider": "provider[\"registry.terraform.io/hashicorp/aws\"]",
      "instances": [
        {
          "index_key": "arn:aws:iam::aws:policy/AmazonEC2ContainerRegistryReadOnly",
          "schema_version": 0,
          "attributes": {
            "id": "mi-nodo-grupo-eks-node-group-20250128190915157200000001-20250128190916499200000006",
            "policy_arn": "arn:aws:iam::aws:policy/AmazonEC2ContainerRegistryReadOnly",
            "role": "mi-nodo-grupo-eks-node-group-20250128190915157200000001"
          },
          "sensitive_attributes": [],
          "private": "bnVsbA==",
          "dependencies": [
            "module.eks_managed_node_groups.module.eks.module.eks_managed_node_group.aws_iam_role.this",
            "module.eks_managed_node_groups.module.eks.module.eks_managed_node_group.data.aws_caller_identity.current",
            "module.eks_managed_node_groups.module.eks.module.eks_managed_node_group.data.aws_iam_policy_document.assume_role_policy",
            "module.eks_managed_node_groups.module.eks.module.eks_managed_node_group.data.aws_partition.current"
          ],
          "create_before_destroy": true
        },
        {
          "index_key": "arn:aws:iam::aws:policy/AmazonEKSWorkerNodePolicy",
          "schema_version": 0,
          "attributes": {
            "id": "mi-nodo-grupo-eks-node-group-20250128190915157200000001-20250128190916483300000005",
            "policy_arn": "arn:aws:iam::aws:policy/AmazonEKSWorkerNodePolicy",
            "role": "mi-nodo-grupo-eks-node-group-20250128190915157200000001"
          },
          "sensitive_attributes": [],
          "private": "bnVsbA==",
          "dependencies": [
            "module.eks_managed_node_groups.module.eks.module.eks_managed_node_group.aws_iam_role.this",
            "module.eks_managed_node_groups.module.eks.module.eks_managed_node_group.data.aws_caller_identity.current",
            "module.eks_managed_node_groups.module.eks.module.eks_managed_node_group.data.aws_iam_policy_document.assume_role_policy",
            "module.eks_managed_node_groups.module.eks.module.eks_managed_node_group.data.aws_partition.current"
          ],
          "create_before_destroy": true
        },
        {
          "index_key": "arn:aws:iam::aws:policy/AmazonEKS_CNI_Policy",
          "schema_version": 0,
          "attributes": {
            "id": "mi-nodo-grupo-eks-node-group-20250128190915157200000001-20250128190916705900000007",
            "policy_arn": "arn:aws:iam::aws:policy/AmazonEKS_CNI_Policy",
            "role": "mi-nodo-grupo-eks-node-group-20250128190915157200000001"
          },
          "sensitive_attributes": [],
          "private": "bnVsbA==",
          "dependencies": [
            "module.eks_managed_node_groups.module.eks.module.eks_managed_node_group.aws_iam_role.this",
            "module.eks_managed_node_groups.module.eks.module.eks_managed_node_group.data.aws_caller_identity.current",
            "module.eks_managed_node_groups.module.eks.module.eks_managed_node_group.data.aws_iam_policy_document.assume_role_policy",
            "module.eks_managed_node_groups.module.eks.module.eks_managed_node_group.data.aws_partition.current"
          ],
          "create_before_destroy": true
        }
      ]
    },
    {
      "module": "module.eks_managed_node_groups.module.eks.module.eks_managed_node_group[\"mi-nodo-grupo\"]",
      "mode": "managed",
      "type": "aws_launch_template",
      "name": "this",
      "provider": "provider[\"registry.terraform.io/hashicorp/aws\"]",
      "instances": [
        {
          "index_key": 0,
          "schema_version": 0,
          "attributes": {
            "arn": "arn:aws:ec2:eu-west-3:248189943700:launch-template/lt-07fdc0e8097bf6a42",
            "block_device_mappings": [],
            "capacity_reservation_specification": [],
            "cpu_options": [],
            "credit_specification": [],
            "default_version": 1,
            "description": "Custom launch template for mi-nodo-grupo EKS managed node group",
            "disable_api_stop": false,
            "disable_api_termination": false,
            "ebs_optimized": "",
            "elastic_gpu_specifications": [],
            "elastic_inference_accelerator": [],
            "enclave_options": [],
            "hibernation_options": [],
            "iam_instance_profile": [],
            "id": "lt-07fdc0e8097bf6a42",
            "image_id": "",
            "instance_initiated_shutdown_behavior": "",
            "instance_market_options": [],
            "instance_requirements": [],
            "instance_type": "",
            "kernel_id": "",
            "key_name": "",
            "latest_version": 1,
            "license_specification": [],
            "maintenance_options": [],
            "metadata_options": [
              {
                "http_endpoint": "enabled",
                "http_protocol_ipv6": "",
                "http_put_response_hop_limit": 2,
                "http_tokens": "required",
                "instance_metadata_tags": ""
              }
            ],
            "monitoring": [
              {
                "enabled": true
              }
            ],
            "name": "mi-nodo-grupo-2025012819174705360000000c",
            "name_prefix": "mi-nodo-grupo-",
            "network_interfaces": [],
            "placement": [],
            "private_dns_name_options": [],
            "ram_disk_id": "",
            "security_group_names": [],
            "tag_specifications": [
              {
                "resource_type": "instance",
                "tags": {
                  "Name": "mi-nodo-grupo"
                }
              },
              {
                "resource_type": "network-interface",
                "tags": {
                  "Name": "mi-nodo-grupo"
                }
              },
              {
                "resource_type": "volume",
                "tags": {
                  "Name": "mi-nodo-grupo"
                }
              }
            ],
            "tags": {},
            "tags_all": {},
            "update_default_version": true,
            "user_data": "",
            "vpc_security_group_ids": [
              "sg-0b58936e68753de0e"
            ]
          },
          "sensitive_attributes": [],
          "private": "bnVsbA==",
          "dependencies": [
            "module.eks_managed_node_groups.module.eks.aws_cloudwatch_log_group.this",
            "module.eks_managed_node_groups.module.eks.aws_eks_cluster.this",
            "module.eks_managed_node_groups.module.eks.aws_iam_policy.cni_ipv6_policy",
            "module.eks_managed_node_groups.module.eks.aws_iam_role.this",
            "module.eks_managed_node_groups.module.eks.aws_iam_role_policy_attachment.this",
            "module.eks_managed_node_groups.module.eks.aws_security_group.cluster",
            "module.eks_managed_node_groups.module.eks.aws_security_group.node",
            "module.eks_managed_node_groups.module.eks.aws_security_group_rule.cluster",
            "module.eks_managed_node_groups.module.eks.aws_security_group_rule.node",
            "module.eks_managed_node_groups.module.eks.data.aws_caller_identity.current",
            "module.eks_managed_node_groups.module.eks.data.aws_iam_policy_document.assume_role_policy",
            "module.eks_managed_node_groups.module.eks.data.aws_iam_policy_document.cni_ipv6_policy",
            "module.eks_managed_node_groups.module.eks.data.aws_iam_session_context.current",
            "module.eks_managed_node_groups.module.eks.data.aws_partition.current",
            "module.eks_managed_node_groups.module.eks.module.eks_managed_node_group.aws_iam_role.this",
            "module.eks_managed_node_groups.module.eks.module.eks_managed_node_group.aws_iam_role_policy_attachment.this",
            "module.eks_managed_node_groups.module.eks.module.eks_managed_node_group.data.aws_caller_identity.current",
            "module.eks_managed_node_groups.module.eks.module.eks_managed_node_group.data.aws_iam_policy_document.assume_role_policy",
            "module.eks_managed_node_groups.module.eks.module.eks_managed_node_group.data.aws_partition.current",
            "module.eks_managed_node_groups.module.eks.module.eks_managed_node_group.module.user_data.data.cloudinit_config.linux_eks_managed_node_group",
            "module.eks_managed_node_groups.module.eks.module.kms.aws_kms_external_key.this",
            "module.eks_managed_node_groups.module.eks.module.kms.aws_kms_key.this",
            "module.eks_managed_node_groups.module.eks.module.kms.aws_kms_replica_external_key.this",
            "module.eks_managed_node_groups.module.eks.module.kms.aws_kms_replica_key.this",
            "module.eks_managed_node_groups.module.eks.module.kms.data.aws_caller_identity.current",
            "module.eks_managed_node_groups.module.eks.module.kms.data.aws_iam_policy_document.this",
            "module.eks_managed_node_groups.module.eks.module.kms.data.aws_partition.current",
            "module.eks_managed_node_groups.module.eks.time_sleep.this"
          ],
          "create_before_destroy": true
        }
      ]
    },
    {
      "module": "module.eks_managed_node_groups.module.eks.module.kms",
      "mode": "data",
      "type": "aws_caller_identity",
      "name": "current",
      "provider": "provider[\"registry.terraform.io/hashicorp/aws\"]",
      "instances": [
        {
          "index_key": 0,
          "schema_version": 0,
          "attributes": {
            "account_id": "248189943700",
            "arn": "arn:aws:sts::248189943700:assumed-role/AWSReservedSSO_EKS-alumnos_a4561514b13725b0/jorge.vidal@campusdual.com",
            "id": "248189943700",
            "user_id": "AROATTSKF76KH2IZ3VL6L:jorge.vidal@campusdual.com"
          },
          "sensitive_attributes": []
        }
      ]
    },
    {
      "module": "module.eks_managed_node_groups.module.eks.module.kms",
      "mode": "data",
      "type": "aws_iam_policy_document",
      "name": "this",
      "provider": "provider[\"registry.terraform.io/hashicorp/aws\"]",
      "instances": [
        {
          "index_key": 0,
          "schema_version": 0,
          "attributes": {
            "id": "843033645",
            "json": "{\n  \"Version\": \"2012-10-17\",\n  \"Statement\": [\n    {\n      \"Sid\": \"KeyAdministration\",\n      \"Effect\": \"Allow\",\n      \"Action\": [\n        \"kms:Update*\",\n        \"kms:UntagResource\",\n        \"kms:TagResource\",\n        \"kms:ScheduleKeyDeletion\",\n        \"kms:Revoke*\",\n        \"kms:ReplicateKey\",\n        \"kms:Put*\",\n        \"kms:List*\",\n        \"kms:ImportKeyMaterial\",\n        \"kms:Get*\",\n        \"kms:Enable*\",\n        \"kms:Disable*\",\n        \"kms:Describe*\",\n        \"kms:Delete*\",\n        \"kms:Create*\",\n        \"kms:CancelKeyDeletion\"\n      ],\n      \"Resource\": \"*\",\n      \"Principal\": {\n        \"AWS\": \"arn:aws:iam::248189943700:role/aws-reserved/sso.amazonaws.com/eu-west-3/AWSReservedSSO_EKS-alumnos_a4561514b13725b0\"\n      }\n    },\n    {\n      \"Sid\": \"KeyUsage\",\n      \"Effect\": \"Allow\",\n      \"Action\": [\n        \"kms:ReEncrypt*\",\n        \"kms:GenerateDataKey*\",\n        \"kms:Encrypt\",\n        \"kms:DescribeKey\",\n        \"kms:Decrypt\"\n      ],\n      \"Resource\": \"*\",\n      \"Principal\": {\n        \"AWS\": \"arn:aws:iam::248189943700:role/mi-cluster-jvs-cluster-20250128190915157300000003\"\n      }\n    }\n  ]\n}",
            "minified_json": "{\"Version\":\"2012-10-17\",\"Statement\":[{\"Sid\":\"KeyAdministration\",\"Effect\":\"Allow\",\"Action\":[\"kms:Update*\",\"kms:UntagResource\",\"kms:TagResource\",\"kms:ScheduleKeyDeletion\",\"kms:Revoke*\",\"kms:ReplicateKey\",\"kms:Put*\",\"kms:List*\",\"kms:ImportKeyMaterial\",\"kms:Get*\",\"kms:Enable*\",\"kms:Disable*\",\"kms:Describe*\",\"kms:Delete*\",\"kms:Create*\",\"kms:CancelKeyDeletion\"],\"Resource\":\"*\",\"Principal\":{\"AWS\":\"arn:aws:iam::248189943700:role/aws-reserved/sso.amazonaws.com/eu-west-3/AWSReservedSSO_EKS-alumnos_a4561514b13725b0\"}},{\"Sid\":\"KeyUsage\",\"Effect\":\"Allow\",\"Action\":[\"kms:ReEncrypt*\",\"kms:GenerateDataKey*\",\"kms:Encrypt\",\"kms:DescribeKey\",\"kms:Decrypt\"],\"Resource\":\"*\",\"Principal\":{\"AWS\":\"arn:aws:iam::248189943700:role/mi-cluster-jvs-cluster-20250128190915157300000003\"}}]}",
            "override_json": null,
            "override_policy_documents": null,
            "policy_id": null,
            "source_json": null,
            "source_policy_documents": null,
            "statement": [
              {
                "actions": [
                  "kms:CancelKeyDeletion",
                  "kms:Create*",
                  "kms:Delete*",
                  "kms:Describe*",
                  "kms:Disable*",
                  "kms:Enable*",
                  "kms:Get*",
                  "kms:ImportKeyMaterial",
                  "kms:List*",
                  "kms:Put*",
                  "kms:ReplicateKey",
                  "kms:Revoke*",
                  "kms:ScheduleKeyDeletion",
                  "kms:TagResource",
                  "kms:UntagResource",
                  "kms:Update*"
                ],
                "condition": [],
                "effect": "Allow",
                "not_actions": [],
                "not_principals": [],
                "not_resources": [],
                "principals": [
                  {
                    "identifiers": [
                      "arn:aws:iam::248189943700:role/aws-reserved/sso.amazonaws.com/eu-west-3/AWSReservedSSO_EKS-alumnos_a4561514b13725b0"
                    ],
                    "type": "AWS"
                  }
                ],
                "resources": [
                  "*"
                ],
                "sid": "KeyAdministration"
              },
              {
                "actions": [
                  "kms:Decrypt",
                  "kms:DescribeKey",
                  "kms:Encrypt",
                  "kms:GenerateDataKey*",
                  "kms:ReEncrypt*"
                ],
                "condition": [],
                "effect": "Allow",
                "not_actions": [],
                "not_principals": [],
                "not_resources": [],
                "principals": [
                  {
                    "identifiers": [
                      "arn:aws:iam::248189943700:role/mi-cluster-jvs-cluster-20250128190915157300000003"
                    ],
                    "type": "AWS"
                  }
                ],
                "resources": [
                  "*"
                ],
                "sid": "KeyUsage"
              }
            ],
            "version": "2012-10-17"
          },
          "sensitive_attributes": []
        }
      ]
    },
    {
      "module": "module.eks_managed_node_groups.module.eks.module.kms",
      "mode": "data",
      "type": "aws_partition",
      "name": "current",
      "provider": "provider[\"registry.terraform.io/hashicorp/aws\"]",
      "instances": [
        {
          "index_key": 0,
          "schema_version": 0,
          "attributes": {
            "dns_suffix": "amazonaws.com",
            "id": "aws",
            "partition": "aws",
            "reverse_dns_prefix": "com.amazonaws"
          },
          "sensitive_attributes": []
        }
      ]
    },
    {
      "module": "module.eks_managed_node_groups.module.eks.module.kms",
      "mode": "managed",
      "type": "aws_kms_alias",
      "name": "this",
      "provider": "provider[\"registry.terraform.io/hashicorp/aws\"]",
      "instances": [
        {
          "index_key": "cluster",
          "schema_version": 0,
          "attributes": {
            "arn": "arn:aws:kms:eu-west-3:248189943700:alias/eks/mi-cluster-jvs",
            "id": "alias/eks/mi-cluster-jvs",
            "name": "alias/eks/mi-cluster-jvs",
            "name_prefix": "",
            "target_key_arn": "arn:aws:kms:eu-west-3:248189943700:key/956af1b4-9598-464d-a7a1-3e8f0d0f7954",
            "target_key_id": "956af1b4-9598-464d-a7a1-3e8f0d0f7954"
          },
          "sensitive_attributes": [],
          "private": "bnVsbA==",
          "dependencies": [
            "module.eks_managed_node_groups.module.eks.aws_iam_role.this",
            "module.eks_managed_node_groups.module.eks.data.aws_caller_identity.current",
            "module.eks_managed_node_groups.module.eks.data.aws_iam_policy_document.assume_role_policy",
            "module.eks_managed_node_groups.module.eks.data.aws_iam_session_context.current",
            "module.eks_managed_node_groups.module.eks.data.aws_partition.current",
            "module.eks_managed_node_groups.module.eks.module.kms.aws_kms_external_key.this",
            "module.eks_managed_node_groups.module.eks.module.kms.aws_kms_key.this",
            "module.eks_managed_node_groups.module.eks.module.kms.aws_kms_replica_external_key.this",
            "module.eks_managed_node_groups.module.eks.module.kms.aws_kms_replica_key.this",
            "module.eks_managed_node_groups.module.eks.module.kms.data.aws_caller_identity.current",
            "module.eks_managed_node_groups.module.eks.module.kms.data.aws_iam_policy_document.this",
            "module.eks_managed_node_groups.module.eks.module.kms.data.aws_partition.current"
          ]
        }
      ]
    },
    {
      "module": "module.eks_managed_node_groups.module.eks.module.kms",
      "mode": "managed",
      "type": "aws_kms_key",
      "name": "this",
      "provider": "provider[\"registry.terraform.io/hashicorp/aws\"]",
      "instances": [
        {
          "index_key": 0,
          "schema_version": 0,
          "attributes": {
            "arn": "arn:aws:kms:eu-west-3:248189943700:key/956af1b4-9598-464d-a7a1-3e8f0d0f7954",
            "bypass_policy_lockout_safety_check": false,
            "custom_key_store_id": "",
            "customer_master_key_spec": "SYMMETRIC_DEFAULT",
            "deletion_window_in_days": null,
            "description": "mi-cluster-jvs cluster encryption key",
            "enable_key_rotation": true,
            "id": "956af1b4-9598-464d-a7a1-3e8f0d0f7954",
            "is_enabled": true,
            "key_id": "956af1b4-9598-464d-a7a1-3e8f0d0f7954",
            "key_usage": "ENCRYPT_DECRYPT",
            "multi_region": false,
            "policy": "{\"Statement\":[{\"Action\":[\"kms:Update*\",\"kms:UntagResource\",\"kms:TagResource\",\"kms:ScheduleKeyDeletion\",\"kms:Revoke*\",\"kms:ReplicateKey\",\"kms:Put*\",\"kms:List*\",\"kms:ImportKeyMaterial\",\"kms:Get*\",\"kms:Enable*\",\"kms:Disable*\",\"kms:Describe*\",\"kms:Delete*\",\"kms:Create*\",\"kms:CancelKeyDeletion\"],\"Effect\":\"Allow\",\"Principal\":{\"AWS\":\"arn:aws:iam::248189943700:role/aws-reserved/sso.amazonaws.com/eu-west-3/AWSReservedSSO_EKS-alumnos_a4561514b13725b0\"},\"Resource\":\"*\",\"Sid\":\"KeyAdministration\"},{\"Action\":[\"kms:ReEncrypt*\",\"kms:GenerateDataKey*\",\"kms:Encrypt\",\"kms:DescribeKey\",\"kms:Decrypt\"],\"Effect\":\"Allow\",\"Principal\":{\"AWS\":\"arn:aws:iam::248189943700:role/mi-cluster-jvs-cluster-20250128190915157300000003\"},\"Resource\":\"*\",\"Sid\":\"KeyUsage\"}],\"Version\":\"2012-10-17\"}",
            "rotation_period_in_days": 365,
            "tags": {},
            "tags_all": {},
            "timeouts": null,
            "xks_key_id": ""
          },
          "sensitive_attributes": [],
          "private": "eyJlMmJmYjczMC1lY2FhLTExZTYtOGY4OC0zNDM2M2JjN2M0YzAiOnsiY3JlYXRlIjoxMjAwMDAwMDAwMDB9fQ==",
          "dependencies": [
            "module.eks_managed_node_groups.module.eks.aws_iam_role.this",
            "module.eks_managed_node_groups.module.eks.data.aws_caller_identity.current",
            "module.eks_managed_node_groups.module.eks.data.aws_iam_policy_document.assume_role_policy",
            "module.eks_managed_node_groups.module.eks.data.aws_iam_session_context.current",
            "module.eks_managed_node_groups.module.eks.data.aws_partition.current",
            "module.eks_managed_node_groups.module.eks.module.kms.data.aws_caller_identity.current",
            "module.eks_managed_node_groups.module.eks.module.kms.data.aws_iam_policy_document.this",
            "module.eks_managed_node_groups.module.eks.module.kms.data.aws_partition.current"
          ],
          "create_before_destroy": true
        }
      ]
    }
  ],
  "check_results": null
}
